// !$*UTF8*$!
{
	archiveVersion = 1;
	classes = {
	};
	objectVersion = 50;
	objects = {

/* Begin PBXBuildFile section */
		63830EC523FCE43C00AEC31D /* AppDelegate.swift in Sources */ = {isa = PBXBuildFile; fileRef = 63830EC423FCE43C00AEC31D /* AppDelegate.swift */; };
		63830EC723FCE43C00AEC31D /* SceneDelegate.swift in Sources */ = {isa = PBXBuildFile; fileRef = 63830EC623FCE43C00AEC31D /* SceneDelegate.swift */; };
		63830ECC23FCE43C00AEC31D /* Main.storyboard in Resources */ = {isa = PBXBuildFile; fileRef = 63830ECA23FCE43C00AEC31D /* Main.storyboard */; };
		63830ECE23FCE43F00AEC31D /* Assets.xcassets in Resources */ = {isa = PBXBuildFile; fileRef = 63830ECD23FCE43F00AEC31D /* Assets.xcassets */; };
		63830ED123FCE43F00AEC31D /* LaunchScreen.storyboard in Resources */ = {isa = PBXBuildFile; fileRef = 63830ECF23FCE43F00AEC31D /* LaunchScreen.storyboard */; };
		63830EDB23FCE67B00AEC31D /* TimeCircuitsViewController.swift in Sources */ = {isa = PBXBuildFile; fileRef = 63830EDA23FCE67B00AEC31D /* TimeCircuitsViewController.swift */; };
		63830EDD23FCE68900AEC31D /* DatePickerViewController.swift in Sources */ = {isa = PBXBuildFile; fileRef = 63830EDC23FCE68900AEC31D /* DatePickerViewController.swift */; };
		63830EDF23FCE9D000AEC31D /* digital-7.ttf in Resources */ = {isa = PBXBuildFile; fileRef = 63830EDE23FCE9D000AEC31D /* digital-7.ttf */; };
/* End PBXBuildFile section */

/* Begin PBXFileReference section */
		63830EC123FCE43C00AEC31D /* OutaTime.app */ = {isa = PBXFileReference; explicitFileType = wrapper.application; includeInIndex = 0; path = OutaTime.app; sourceTree = BUILT_PRODUCTS_DIR; };
		63830EC423FCE43C00AEC31D /* AppDelegate.swift */ = {isa = PBXFileReference; lastKnownFileType = sourcecode.swift; path = AppDelegate.swift; sourceTree = "<group>"; };
		63830EC623FCE43C00AEC31D /* SceneDelegate.swift */ = {isa = PBXFileReference; lastKnownFileType = sourcecode.swift; path = SceneDelegate.swift; sourceTree = "<group>"; };
		63830ECB23FCE43C00AEC31D /* Base */ = {isa = PBXFileReference; lastKnownFileType = file.storyboard; name = Base; path = Base.lproj/Main.storyboard; sourceTree = "<group>"; };
		63830ECD23FCE43F00AEC31D /* Assets.xcassets */ = {isa = PBXFileReference; lastKnownFileType = folder.assetcatalog; path = Assets.xcassets; sourceTree = "<group>"; };
		63830ED023FCE43F00AEC31D /* Base */ = {isa = PBXFileReference; lastKnownFileType = file.storyboard; name = Base; path = Base.lproj/LaunchScreen.storyboard; sourceTree = "<group>"; };
		63830ED223FCE43F00AEC31D /* Info.plist */ = {isa = PBXFileReference; lastKnownFileType = text.plist.xml; path = Info.plist; sourceTree = "<group>"; };
		63830EDA23FCE67B00AEC31D /* TimeCircuitsViewController.swift */ = {isa = PBXFileReference; lastKnownFileType = sourcecode.swift; path = TimeCircuitsViewController.swift; sourceTree = "<group>"; };
		63830EDC23FCE68900AEC31D /* DatePickerViewController.swift */ = {isa = PBXFileReference; lastKnownFileType = sourcecode.swift; path = DatePickerViewController.swift; sourceTree = "<group>"; };
		63830EDE23FCE9D000AEC31D /* digital-7.ttf */ = {isa = PBXFileReference; lastKnownFileType = file; path = "digital-7.ttf"; sourceTree = SOURCE_ROOT; };
/* End PBXFileReference section */

/* Begin PBXFrameworksBuildPhase section */
		63830EBE23FCE43C00AEC31D /* Frameworks */ = {
			isa = PBXFrameworksBuildPhase;
			buildActionMask = 2147483647;
			files = (
			);
			runOnlyForDeploymentPostprocessing = 0;
		};
/* End PBXFrameworksBuildPhase section */

/* Begin PBXGroup section */
		63830EB823FCE43C00AEC31D = {
			isa = PBXGroup;
			children = (
				63830EC323FCE43C00AEC31D /* OutaTime */,
				63830EC223FCE43C00AEC31D /* Products */,
			);
			sourceTree = "<group>";
		};
		63830EC223FCE43C00AEC31D /* Products */ = {
			isa = PBXGroup;
			children = (
				63830EC123FCE43C00AEC31D /* OutaTime.app */,
			);
			name = Products;
			sourceTree = "<group>";
		};
		63830EC323FCE43C00AEC31D /* OutaTime */ = {
			isa = PBXGroup;
			children = (
				63830ED923FCE5AF00AEC31D /* View Controllers */,
				63830ECA23FCE43C00AEC31D /* Main.storyboard */,
				63830ECD23FCE43F00AEC31D /* Assets.xcassets */,
				63830ED223FCE43F00AEC31D /* Info.plist */,
				63830EDE23FCE9D000AEC31D /* digital-7.ttf */,
				63830ED823FCE59B00AEC31D /* Resources */,
			);
			path = OutaTime;
			sourceTree = "<group>";
		};
		63830ED823FCE59B00AEC31D /* Resources */ = {
			isa = PBXGroup;
			children = (
				63830EC423FCE43C00AEC31D /* AppDelegate.swift */,
				63830EC623FCE43C00AEC31D /* SceneDelegate.swift */,
				63830ECF23FCE43F00AEC31D /* LaunchScreen.storyboard */,
			);
			path = Resources;
			sourceTree = "<group>";
		};
		63830ED923FCE5AF00AEC31D /* View Controllers */ = {
			isa = PBXGroup;
			children = (
				63830EDA23FCE67B00AEC31D /* TimeCircuitsViewController.swift */,
				63830EDC23FCE68900AEC31D /* DatePickerViewController.swift */,
			);
			path = "View Controllers";
			sourceTree = "<group>";
		};
/* End PBXGroup section */

/* Begin PBXNativeTarget section */
		63830EC023FCE43C00AEC31D /* OutaTime */ = {
			isa = PBXNativeTarget;
			buildConfigurationList = 63830ED523FCE43F00AEC31D /* Build configuration list for PBXNativeTarget "OutaTime" */;
			buildPhases = (
				63830EBD23FCE43C00AEC31D /* Sources */,
				63830EBE23FCE43C00AEC31D /* Frameworks */,
				63830EBF23FCE43C00AEC31D /* Resources */,
			);
			buildRules = (
			);
			dependencies = (
			);
			name = OutaTime;
			productName = OutaTime;
			productReference = 63830EC123FCE43C00AEC31D /* OutaTime.app */;
			productType = "com.apple.product-type.application";
		};
/* End PBXNativeTarget section */

/* Begin PBXProject section */
		63830EB923FCE43C00AEC31D /* Project object */ = {
			isa = PBXProject;
			attributes = {
				LastSwiftUpdateCheck = 1130;
				LastUpgradeCheck = 1130;
				ORGANIZATIONNAME = "Chad Parker";
				TargetAttributes = {
					63830EC023FCE43C00AEC31D = {
						CreatedOnToolsVersion = 11.3.1;
					};
				};
			};
			buildConfigurationList = 63830EBC23FCE43C00AEC31D /* Build configuration list for PBXProject "OutaTime" */;
			compatibilityVersion = "Xcode 9.3";
			developmentRegion = en;
			hasScannedForEncodings = 0;
			knownRegions = (
				en,
				Base,
			);
			mainGroup = 63830EB823FCE43C00AEC31D;
			productRefGroup = 63830EC223FCE43C00AEC31D /* Products */;
			projectDirPath = "";
			projectRoot = "";
			targets = (
				63830EC023FCE43C00AEC31D /* OutaTime */,
			);
		};
/* End PBXProject section */

/* Begin PBXResourcesBuildPhase section */
		63830EBF23FCE43C00AEC31D /* Resources */ = {
			isa = PBXResourcesBuildPhase;
			buildActionMask = 2147483647;
			files = (
				63830ED123FCE43F00AEC31D /* LaunchScreen.storyboard in Resources */,
				63830ECE23FCE43F00AEC31D /* Assets.xcassets in Resources */,
				63830ECC23FCE43C00AEC31D /* Main.storyboard in Resources */,
				63830EDF23FCE9D000AEC31D /* digital-7.ttf in Resources */,
			);
			runOnlyForDeploymentPostprocessing = 0;
		};
/* End PBXResourcesBuildPhase section */

/* Begin PBXSourcesBuildPhase section */
		63830EBD23FCE43C00AEC31D /* Sources */ = {
			isa = PBXSourcesBuildPhase;
			buildActionMask = 2147483647;
			files = (
				63830EDD23FCE68900AEC31D /* DatePickerViewController.swift in Sources */,
				63830EC523FCE43C00AEC31D /* AppDelegate.swift in Sources */,
				63830EDB23FCE67B00AEC31D /* TimeCircuitsViewController.swift in Sources */,
				63830EC723FCE43C00AEC31D /* SceneDelegate.swift in Sources */,
			);
			runOnlyForDeploymentPostprocessing = 0;
		};
/* End PBXSourcesBuildPhase section */

/* Begin PBXVariantGroup section */
		63830ECA23FCE43C00AEC31D /* Main.storyboard */ = {
			isa = PBXVariantGroup;
			children = (
				63830ECB23FCE43C00AEC31D /* Base */,
			);
			name = Main.storyboard;
			sourceTree = "<group>";
		};
		63830ECF23FCE43F00AEC31D /* LaunchScreen.storyboard */ = {
			isa = PBXVariantGroup;
			children = (
				63830ED023FCE43F00AEC31D /* Base */,
			);
			name = LaunchScreen.storyboard;
			sourceTree = "<group>";
		};
/* End PBXVariantGroup section */

/* Begin XCBuildConfiguration section */
		63830ED323FCE43F00AEC31D /* Debug */ = {
			isa = XCBuildConfiguration;
			buildSettings = {
				ALWAYS_SEARCH_USER_PATHS = NO;
				CLANG_ANALYZER_NONNULL = YES;
				CLANG_ANALYZER_NUMBER_OBJECT_CONVERSION = YES_AGGRESSIVE;
				CLANG_CXX_LANGUAGE_STANDARD = "gnu++14";
				CLANG_CXX_LIBRARY = "libc++";
				CLANG_ENABLE_MODULES = YES;
				CLANG_ENABLE_OBJC_ARC = YES;
				CLANG_ENABLE_OBJC_WEAK = YES;
				CLANG_WARN_BLOCK_CAPTURE_AUTORELEASING = YES;
				CLANG_WARN_BOOL_CONVERSION = YES;
				CLANG_WARN_COMMA = YES;
				CLANG_WARN_CONSTANT_CONVERSION = YES;
				CLANG_WARN_DEPRECATED_OBJC_IMPLEMENTATIONS = YES;
				CLANG_WARN_DIRECT_OBJC_ISA_USAGE = YES_ERROR;
				CLANG_WARN_DOCUMENTATION_COMMENTS = YES;
				CLANG_WARN_EMPTY_BODY = YES;
				CLANG_WARN_ENUM_CONVERSION = YES;
				CLANG_WARN_INFINITE_RECURSION = YES;
				CLANG_WARN_INT_CONVERSION = YES;
				CLANG_WARN_NON_LITERAL_NULL_CONVERSION = YES;
				CLANG_WARN_OBJC_IMPLICIT_RETAIN_SELF = YES;
				CLANG_WARN_OBJC_LITERAL_CONVERSION = YES;
				CLANG_WARN_OBJC_ROOT_CLASS = YES_ERROR;
				CLANG_WARN_RANGE_LOOP_ANALYSIS = YES;
				CLANG_WARN_STRICT_PROTOTYPES = YES;
				CLANG_WARN_SUSPICIOUS_MOVE = YES;
				CLANG_WARN_UNGUARDED_AVAILABILITY = YES_AGGRESSIVE;
				CLANG_WARN_UNREACHABLE_CODE = YES;
				CLANG_WARN__DUPLICATE_METHOD_MATCH = YES;
				COPY_PHASE_STRIP = NO;
				DEBUG_INFORMATION_FORMAT = dwarf;
				ENABLE_STRICT_OBJC_MSGSEND = YES;
				ENABLE_TESTABILITY = YES;
				GCC_C_LANGUAGE_STANDARD = gnu11;
				GCC_DYNAMIC_NO_PIC = NO;
				GCC_NO_COMMON_BLOCKS = YES;
				GCC_OPTIMIZATION_LEVEL = 0;
				GCC_PREPROCESSOR_DEFINITIONS = (
					"DEBUG=1",
					"$(inherited)",
				);
				GCC_WARN_64_TO_32_BIT_CONVERSION = YES;
				GCC_WARN_ABOUT_RETURN_TYPE = YES_ERROR;
				GCC_WARN_UNDECLARED_SELECTOR = YES;
				GCC_WARN_UNINITIALIZED_AUTOS = YES_AGGRESSIVE;
				GCC_WARN_UNUSED_FUNCTION = YES;
				GCC_WARN_UNUSED_VARIABLE = YES;
				IPHONEOS_DEPLOYMENT_TARGET = 13.2;
				MTL_ENABLE_DEBUG_INFO = INCLUDE_SOURCE;
				MTL_FAST_MATH = YES;
				ONLY_ACTIVE_ARCH = YES;
				SDKROOT = iphoneos;
				SWIFT_ACTIVE_COMPILATION_CONDITIONS = DEBUG;
				SWIFT_OPTIMIZATION_LEVEL = "-Onone";
			};
			name = Debug;
		};
		63830ED423FCE43F00AEC31D /* Release */ = {
			isa = XCBuildConfiguration;
			buildSettings = {
				ALWAYS_SEARCH_USER_PATHS = NO;
				CLANG_ANALYZER_NONNULL = YES;
				CLANG_ANALYZER_NUMBER_OBJECT_CONVERSION = YES_AGGRESSIVE;
				CLANG_CXX_LANGUAGE_STANDARD = "gnu++14";
				CLANG_CXX_LIBRARY = "libc++";
				CLANG_ENABLE_MODULES = YES;
				CLANG_ENABLE_OBJC_ARC = YES;
				CLANG_ENABLE_OBJC_WEAK = YES;
				CLANG_WARN_BLOCK_CAPTURE_AUTORELEASING = YES;
				CLANG_WARN_BOOL_CONVERSION = YES;
				CLANG_WARN_COMMA = YES;
				CLANG_WARN_CONSTANT_CONVERSION = YES;
				CLANG_WARN_DEPRECATED_OBJC_IMPLEMENTATIONS = YES;
				CLANG_WARN_DIRECT_OBJC_ISA_USAGE = YES_ERROR;
				CLANG_WARN_DOCUMENTATION_COMMENTS = YES;
				CLANG_WARN_EMPTY_BODY = YES;
				CLANG_WARN_ENUM_CONVERSION = YES;
				CLANG_WARN_INFINITE_RECURSION = YES;
				CLANG_WARN_INT_CONVERSION = YES;
				CLANG_WARN_NON_LITERAL_NULL_CONVERSION = YES;
				CLANG_WARN_OBJC_IMPLICIT_RETAIN_SELF = YES;
				CLANG_WARN_OBJC_LITERAL_CONVERSION = YES;
				CLANG_WARN_OBJC_ROOT_CLASS = YES_ERROR;
				CLANG_WARN_RANGE_LOOP_ANALYSIS = YES;
				CLANG_WARN_STRICT_PROTOTYPES = YES;
				CLANG_WARN_SUSPICIOUS_MOVE = YES;
				CLANG_WARN_UNGUARDED_AVAILABILITY = YES_AGGRESSIVE;
				CLANG_WARN_UNREACHABLE_CODE = YES;
				CLANG_WARN__DUPLICATE_METHOD_MATCH = YES;
				COPY_PHASE_STRIP = NO;
				DEBUG_INFORMATION_FORMAT = "dwarf-with-dsym";
				ENABLE_NS_ASSERTIONS = NO;
				ENABLE_STRICT_OBJC_MSGSEND = YES;
				GCC_C_LANGUAGE_STANDARD = gnu11;
				GCC_NO_COMMON_BLOCKS = YES;
				GCC_WARN_64_TO_32_BIT_CONVERSION = YES;
				GCC_WARN_ABOUT_RETURN_TYPE = YES_ERROR;
				GCC_WARN_UNDECLARED_SELECTOR = YES;
				GCC_WARN_UNINITIALIZED_AUTOS = YES_AGGRESSIVE;
				GCC_WARN_UNUSED_FUNCTION = YES;
				GCC_WARN_UNUSED_VARIABLE = YES;
				IPHONEOS_DEPLOYMENT_TARGET = 13.2;
				MTL_ENABLE_DEBUG_INFO = NO;
				MTL_FAST_MATH = YES;
				SDKROOT = iphoneos;
				SWIFT_COMPILATION_MODE = wholemodule;
				SWIFT_OPTIMIZATION_LEVEL = "-O";
				VALIDATE_PRODUCT = YES;
			};
			name = Release;
		};
		63830ED623FCE43F00AEC31D /* Debug */ = {
			isa = XCBuildConfiguration;
			buildSettings = {
				ASSETCATALOG_COMPILER_APPICON_NAME = AppIcon;
				CODE_SIGN_STYLE = Automatic;
				DEVELOPMENT_TEAM = 249LNXJ9HG;
				INFOPLIST_FILE = OutaTime/Info.plist;
				LD_RUNPATH_SEARCH_PATHS = (
					"$(inherited)",
					"@executable_path/Frameworks",
				);
				PRODUCT_BUNDLE_IDENTIFIER = com.chadparker.com.OutaTime;
				PRODUCT_NAME = "$(TARGET_NAME)";
				SWIFT_VERSION = 5.0;
				TARGETED_DEVICE_FAMILY = "1,2";
			};
			name = Debug;
		};
		63830ED723FCE43F00AEC31D /* Release */ = {
			isa = XCBuildConfiguration;
			buildSettings = {
				ASSETCATALOG_COMPILER_APPICON_NAME = AppIcon;
				CODE_SIGN_STYLE = Automatic;
				DEVELOPMENT_TEAM = 249LNXJ9HG;
				INFOPLIST_FILE = OutaTime/Info.plist;
				LD_RUNPATH_SEARCH_PATHS = (
					"$(inherited)",
					"@executable_path/Frameworks",
				);
				PRODUCT_BUNDLE_IDENTIFIER = com.chadparker.com.OutaTime;
				PRODUCT_NAME = "$(TARGET_NAME)";
				SWIFT_VERSION = 5.0;
				TARGETED_DEVICE_FAMILY = "1,2";
			};
			name = Release;
		};
/* End XCBuildConfiguration section */

/* Begin XCConfigurationList section */
		63830EBC23FCE43C00AEC31D /* Build configuration list for PBXProject "OutaTime" */ = {
			isa = XCConfigurationList;
			buildConfigurations = (
				63830ED323FCE43F00AEC31D /* Debug */,
				63830ED423FCE43F00AEC31D /* Release */,
			);
			defaultConfigurationIsVisible = 0;
			defaultConfigurationName = Release;
		};
		63830ED523FCE43F00AEC31D /* Build configuration list for PBXNativeTarget "OutaTime" */ = {
			isa = XCConfigurationList;
			buildConfigurations = (
				63830ED623FCE43F00AEC31D /* Debug */,
				63830ED723FCE43F00AEC31D /* Release */,
			);
			defaultConfigurationIsVisible = 0;
			defaultConfigurationName = Release;
		};
/* End XCConfigurationList section */
	};
	rootObject = 63830EB923FCE43C00AEC31D /* Project object */;
}
