// !$*UTF8*$!
{
	archiveVersion = 1;
	classes = {
	};
	objectVersion = 50;
	objects = {

/* Begin PBXBuildFile section */
		A384D0662475C62E003A0506 /* AppDelegate.swift in Sources */ = {isa = PBXBuildFile; fileRef = A384D0652475C62E003A0506 /* AppDelegate.swift */; };
		A384D0682475C62E003A0506 /* SceneDelegate.swift in Sources */ = {isa = PBXBuildFile; fileRef = A384D0672475C62E003A0506 /* SceneDelegate.swift */; };
		A384D06D2475C62E003A0506 /* Main.storyboard in Resources */ = {isa = PBXBuildFile; fileRef = A384D06B2475C62E003A0506 /* Main.storyboard */; };
		A384D06F2475C632003A0506 /* Assets.xcassets in Resources */ = {isa = PBXBuildFile; fileRef = A384D06E2475C632003A0506 /* Assets.xcassets */; };
		A384D0722475C632003A0506 /* LaunchScreen.storyboard in Resources */ = {isa = PBXBuildFile; fileRef = A384D0702475C632003A0506 /* LaunchScreen.storyboard */; };
		A384D07B2475C688003A0506 /* TimeCircutsViewController.swift in Sources */ = {isa = PBXBuildFile; fileRef = A384D07A2475C688003A0506 /* TimeCircutsViewController.swift */; };
		A384D07D2475C6B2003A0506 /* DatePickerViewController.swift in Sources */ = {isa = PBXBuildFile; fileRef = A384D07C2475C6B2003A0506 /* DatePickerViewController.swift */; };
/* End PBXBuildFile section */

/* Begin PBXFileReference section */
		A34CBA422475E8C10070CF74 /* digital-7.ttf */ = {isa = PBXFileReference; lastKnownFileType = file; path = "digital-7.ttf"; sourceTree = "<group>"; };
		A384D0622475C62E003A0506 /* OutaTime.app */ = {isa = PBXFileReference; explicitFileType = wrapper.application; includeInIndex = 0; path = OutaTime.app; sourceTree = BUILT_PRODUCTS_DIR; };
		A384D0652475C62E003A0506 /* AppDelegate.swift */ = {isa = PBXFileReference; lastKnownFileType = sourcecode.swift; path = AppDelegate.swift; sourceTree = "<group>"; };
		A384D0672475C62E003A0506 /* SceneDelegate.swift */ = {isa = PBXFileReference; lastKnownFileType = sourcecode.swift; path = SceneDelegate.swift; sourceTree = "<group>"; };
		A384D06C2475C62E003A0506 /* Base */ = {isa = PBXFileReference; lastKnownFileType = file.storyboard; name = Base; path = Base.lproj/Main.storyboard; sourceTree = "<group>"; };
		A384D06E2475C632003A0506 /* Assets.xcassets */ = {isa = PBXFileReference; lastKnownFileType = folder.assetcatalog; path = Assets.xcassets; sourceTree = "<group>"; };
		A384D0712475C632003A0506 /* Base */ = {isa = PBXFileReference; lastKnownFileType = file.storyboard; name = Base; path = Base.lproj/LaunchScreen.storyboard; sourceTree = "<group>"; };
		A384D0732475C632003A0506 /* Info.plist */ = {isa = PBXFileReference; lastKnownFileType = text.plist.xml; path = Info.plist; sourceTree = "<group>"; };
		A384D07A2475C688003A0506 /* TimeCircutsViewController.swift */ = {isa = PBXFileReference; lastKnownFileType = sourcecode.swift; path = TimeCircutsViewController.swift; sourceTree = "<group>"; };
		A384D07C2475C6B2003A0506 /* DatePickerViewController.swift */ = {isa = PBXFileReference; lastKnownFileType = sourcecode.swift; path = DatePickerViewController.swift; sourceTree = "<group>"; };
/* End PBXFileReference section */

/* Begin PBXFrameworksBuildPhase section */
		A384D05F2475C62E003A0506 /* Frameworks */ = {
			isa = PBXFrameworksBuildPhase;
			buildActionMask = 2147483647;
			files = (
			);
			runOnlyForDeploymentPostprocessing = 0;
		};
/* End PBXFrameworksBuildPhase section */

/* Begin PBXGroup section */
		A34CBA412475E8860070CF74 /* View Controller */ = {
			isa = PBXGroup;
			children = (
				A384D07C2475C6B2003A0506 /* DatePickerViewController.swift */,
				A384D07A2475C688003A0506 /* TimeCircutsViewController.swift */,
			);
			path = "View Controller";
			sourceTree = "<group>";
		};
		A384D0592475C62E003A0506 = {
			isa = PBXGroup;
			children = (
				A384D0642475C62E003A0506 /* OutaTime */,
				A384D0632475C62E003A0506 /* Products */,
			);
			sourceTree = "<group>";
		};
		A384D0632475C62E003A0506 /* Products */ = {
			isa = PBXGroup;
			children = (
				A384D0622475C62E003A0506 /* OutaTime.app */,
			);
			name = Products;
			sourceTree = "<group>";
		};
		A384D0642475C62E003A0506 /* OutaTime */ = {
			isa = PBXGroup;
			children = (
				A34CBA422475E8C10070CF74 /* digital-7.ttf */,
				A384D0652475C62E003A0506 /* AppDelegate.swift */,
				A384D0672475C62E003A0506 /* SceneDelegate.swift */,
				A384D06E2475C632003A0506 /* Assets.xcassets */,
				A384D0732475C632003A0506 /* Info.plist */,
				A384D0792475C63C003A0506 /* storyboards */,
				A34CBA412475E8860070CF74 /* View Controller */,
			);
			path = OutaTime;
			sourceTree = "<group>";
		};
		A384D0792475C63C003A0506 /* storyboards */ = {
			isa = PBXGroup;
			children = (
				A384D06B2475C62E003A0506 /* Main.storyboard */,
				A384D0702475C632003A0506 /* LaunchScreen.storyboard */,
			);
			path = storyboards;
			sourceTree = "<group>";
		};
/* End PBXGroup section */

/* Begin PBXNativeTarget section */
		A384D0612475C62E003A0506 /* OutaTime */ = {
			isa = PBXNativeTarget;
			buildConfigurationList = A384D0762475C632003A0506 /* Build configuration list for PBXNativeTarget "OutaTime" */;
			buildPhases = (
				A384D05E2475C62E003A0506 /* Sources */,
				A384D05F2475C62E003A0506 /* Frameworks */,
				A384D0602475C62E003A0506 /* Resources */,
			);
			buildRules = (
			);
			dependencies = (
			);
			name = OutaTime;
			productName = OutaTime;
			productReference = A384D0622475C62E003A0506 /* OutaTime.app */;
			productType = "com.apple.product-type.application";
		};
/* End PBXNativeTarget section */

/* Begin PBXProject section */
		A384D05A2475C62E003A0506 /* Project object */ = {
			isa = PBXProject;
			attributes = {
				LastSwiftUpdateCheck = 1140;
				LastUpgradeCheck = 1140;
				ORGANIZATIONNAME = "Bryan Cress";
				TargetAttributes = {
					A384D0612475C62E003A0506 = {
						CreatedOnToolsVersion = 11.4.1;
					};
				};
			};
			buildConfigurationList = A384D05D2475C62E003A0506 /* Build configuration list for PBXProject "OutaTime" */;
			compatibilityVersion = "Xcode 9.3";
			developmentRegion = en;
			hasScannedForEncodings = 0;
			knownRegions = (
				en,
				Base,
			);
			mainGroup = A384D0592475C62E003A0506;
			productRefGroup = A384D0632475C62E003A0506 /* Products */;
			projectDirPath = "";
			projectRoot = "";
			targets = (
				A384D0612475C62E003A0506 /* OutaTime */,
			);
		};
/* End PBXProject section */

/* Begin PBXResourcesBuildPhase section */
		A384D0602475C62E003A0506 /* Resources */ = {
			isa = PBXResourcesBuildPhase;
			buildActionMask = 2147483647;
			files = (
				A384D0722475C632003A0506 /* LaunchScreen.storyboard in Resources */,
				A384D06F2475C632003A0506 /* Assets.xcassets in Resources */,
				A384D06D2475C62E003A0506 /* Main.storyboard in Resources */,
			);
			runOnlyForDeploymentPostprocessing = 0;
		};
/* End PBXResourcesBuildPhase section */

/* Begin PBXSourcesBuildPhase section */
		A384D05E2475C62E003A0506 /* Sources */ = {
			isa = PBXSourcesBuildPhase;
			buildActionMask = 2147483647;
			files = (
				A384D07D2475C6B2003A0506 /* DatePickerViewController.swift in Sources */,
				A384D07B2475C688003A0506 /* TimeCircutsViewController.swift in Sources */,
				A384D0662475C62E003A0506 /* AppDelegate.swift in Sources */,
				A384D0682475C62E003A0506 /* SceneDelegate.swift in Sources */,
			);
			runOnlyForDeploymentPostprocessing = 0;
		};
/* End PBXSourcesBuildPhase section */

/* Begin PBXVariantGroup section */
		A384D06B2475C62E003A0506 /* Main.storyboard */ = {
			isa = PBXVariantGroup;
			children = (
				A384D06C2475C62E003A0506 /* Base */,
			);
			name = Main.storyboard;
			sourceTree = "<group>";
		};
		A384D0702475C632003A0506 /* LaunchScreen.storyboard */ = {
			isa = PBXVariantGroup;
			children = (
				A384D0712475C632003A0506 /* Base */,
			);
			name = LaunchScreen.storyboard;
			sourceTree = "<group>";
		};
/* End PBXVariantGroup section */

/* Begin XCBuildConfiguration section */
		A384D0742475C632003A0506 /* Debug */ = {
			isa = XCBuildConfiguration;
			buildSettings = {
				ALWAYS_SEARCH_USER_PATHS = NO;
				CLANG_ANALYZER_NONNULL = YES;
				CLANG_ANALYZER_NUMBER_OBJECT_CONVERSION = YES_AGGRESSIVE;
				CLANG_CXX_LANGUAGE_STANDARD = "gnu++14";
				CLANG_CXX_LIBRARY = "libc++";
				CLANG_ENABLE_MODULES = YES;
				CLANG_ENABLE_OBJC_ARC = YES;
				CLANG_ENABLE_OBJC_WEAK = YES;
				CLANG_WARN_BLOCK_CAPTURE_AUTORELEASING = YES;
				CLANG_WARN_BOOL_CONVERSION = YES;
				CLANG_WARN_COMMA = YES;
				CLANG_WARN_CONSTANT_CONVERSION = YES;
				CLANG_WARN_DEPRECATED_OBJC_IMPLEMENTATIONS = YES;
				CLANG_WARN_DIRECT_OBJC_ISA_USAGE = YES_ERROR;
				CLANG_WARN_DOCUMENTATION_COMMENTS = YES;
				CLANG_WARN_EMPTY_BODY = YES;
				CLANG_WARN_ENUM_CONVERSION = YES;
				CLANG_WARN_INFINITE_RECURSION = YES;
				CLANG_WARN_INT_CONVERSION = YES;
				CLANG_WARN_NON_LITERAL_NULL_CONVERSION = YES;
				CLANG_WARN_OBJC_IMPLICIT_RETAIN_SELF = YES;
				CLANG_WARN_OBJC_LITERAL_CONVERSION = YES;
				CLANG_WARN_OBJC_ROOT_CLASS = YES_ERROR;
				CLANG_WARN_RANGE_LOOP_ANALYSIS = YES;
				CLANG_WARN_STRICT_PROTOTYPES = YES;
				CLANG_WARN_SUSPICIOUS_MOVE = YES;
				CLANG_WARN_UNGUARDED_AVAILABILITY = YES_AGGRESSIVE;
				CLANG_WARN_UNREACHABLE_CODE = YES;
				CLANG_WARN__DUPLICATE_METHOD_MATCH = YES;
				COPY_PHASE_STRIP = NO;
				DEBUG_INFORMATION_FORMAT = dwarf;
				ENABLE_STRICT_OBJC_MSGSEND = YES;
				ENABLE_TESTABILITY = YES;
				GCC_C_LANGUAGE_STANDARD = gnu11;
				GCC_DYNAMIC_NO_PIC = NO;
				GCC_NO_COMMON_BLOCKS = YES;
				GCC_OPTIMIZATION_LEVEL = 0;
				GCC_PREPROCESSOR_DEFINITIONS = (
					"DEBUG=1",
					"$(inherited)",
				);
				GCC_WARN_64_TO_32_BIT_CONVERSION = YES;
				GCC_WARN_ABOUT_RETURN_TYPE = YES_ERROR;
				GCC_WARN_UNDECLARED_SELECTOR = YES;
				GCC_WARN_UNINITIALIZED_AUTOS = YES_AGGRESSIVE;
				GCC_WARN_UNUSED_FUNCTION = YES;
				GCC_WARN_UNUSED_VARIABLE = YES;
				IPHONEOS_DEPLOYMENT_TARGET = 13.4;
				MTL_ENABLE_DEBUG_INFO = INCLUDE_SOURCE;
				MTL_FAST_MATH = YES;
				ONLY_ACTIVE_ARCH = YES;
				SDKROOT = iphoneos;
				SWIFT_ACTIVE_COMPILATION_CONDITIONS = DEBUG;
				SWIFT_OPTIMIZATION_LEVEL = "-Onone";
			};
			name = Debug;
		};
		A384D0752475C632003A0506 /* Release */ = {
			isa = XCBuildConfiguration;
			buildSettings = {
				ALWAYS_SEARCH_USER_PATHS = NO;
				CLANG_ANALYZER_NONNULL = YES;
				CLANG_ANALYZER_NUMBER_OBJECT_CONVERSION = YES_AGGRESSIVE;
				CLANG_CXX_LANGUAGE_STANDARD = "gnu++14";
				CLANG_CXX_LIBRARY = "libc++";
				CLANG_ENABLE_MODULES = YES;
				CLANG_ENABLE_OBJC_ARC = YES;
				CLANG_ENABLE_OBJC_WEAK = YES;
				CLANG_WARN_BLOCK_CAPTURE_AUTORELEASING = YES;
				CLANG_WARN_BOOL_CONVERSION = YES;
				CLANG_WARN_COMMA = YES;
				CLANG_WARN_CONSTANT_CONVERSION = YES;
				CLANG_WARN_DEPRECATED_OBJC_IMPLEMENTATIONS = YES;
				CLANG_WARN_DIRECT_OBJC_ISA_USAGE = YES_ERROR;
				CLANG_WARN_DOCUMENTATION_COMMENTS = YES;
				CLANG_WARN_EMPTY_BODY = YES;
				CLANG_WARN_ENUM_CONVERSION = YES;
				CLANG_WARN_INFINITE_RECURSION = YES;
				CLANG_WARN_INT_CONVERSION = YES;
				CLANG_WARN_NON_LITERAL_NULL_CONVERSION = YES;
				CLANG_WARN_OBJC_IMPLICIT_RETAIN_SELF = YES;
				CLANG_WARN_OBJC_LITERAL_CONVERSION = YES;
				CLANG_WARN_OBJC_ROOT_CLASS = YES_ERROR;
				CLANG_WARN_RANGE_LOOP_ANALYSIS = YES;
				CLANG_WARN_STRICT_PROTOTYPES = YES;
				CLANG_WARN_SUSPICIOUS_MOVE = YES;
				CLANG_WARN_UNGUARDED_AVAILABILITY = YES_AGGRESSIVE;
				CLANG_WARN_UNREACHABLE_CODE = YES;
				CLANG_WARN__DUPLICATE_METHOD_MATCH = YES;
				COPY_PHASE_STRIP = NO;
				DEBUG_INFORMATION_FORMAT = "dwarf-with-dsym";
				ENABLE_NS_ASSERTIONS = NO;
				ENABLE_STRICT_OBJC_MSGSEND = YES;
				GCC_C_LANGUAGE_STANDARD = gnu11;
				GCC_NO_COMMON_BLOCKS = YES;
				GCC_WARN_64_TO_32_BIT_CONVERSION = YES;
				GCC_WARN_ABOUT_RETURN_TYPE = YES_ERROR;
				GCC_WARN_UNDECLARED_SELECTOR = YES;
				GCC_WARN_UNINITIALIZED_AUTOS = YES_AGGRESSIVE;
				GCC_WARN_UNUSED_FUNCTION = YES;
				GCC_WARN_UNUSED_VARIABLE = YES;
				IPHONEOS_DEPLOYMENT_TARGET = 13.4;
				MTL_ENABLE_DEBUG_INFO = NO;
				MTL_FAST_MATH = YES;
				SDKROOT = iphoneos;
				SWIFT_COMPILATION_MODE = wholemodule;
				SWIFT_OPTIMIZATION_LEVEL = "-O";
				VALIDATE_PRODUCT = YES;
			};
			name = Release;
		};
		A384D0772475C632003A0506 /* Debug */ = {
			isa = XCBuildConfiguration;
			buildSettings = {
				ASSETCATALOG_COMPILER_APPICON_NAME = AppIcon;
				CODE_SIGN_STYLE = Automatic;
				DEVELOPMENT_TEAM = UCFMQ7N9FN;
				INFOPLIST_FILE = OutaTime/Info.plist;
				LD_RUNPATH_SEARCH_PATHS = (
					"$(inherited)",
					"@executable_path/Frameworks",
				);
				PRODUCT_BUNDLE_IDENTIFIER = com.BryanCress.OutaTime;
				PRODUCT_NAME = "$(TARGET_NAME)";
				SWIFT_VERSION = 5.0;
				TARGETED_DEVICE_FAMILY = "1,2";
			};
			name = Debug;
		};
		A384D0782475C632003A0506 /* Release */ = {
			isa = XCBuildConfiguration;
			buildSettings = {
				ASSETCATALOG_COMPILER_APPICON_NAME = AppIcon;
				CODE_SIGN_STYLE = Automatic;
				DEVELOPMENT_TEAM = UCFMQ7N9FN;
				INFOPLIST_FILE = OutaTime/Info.plist;
				LD_RUNPATH_SEARCH_PATHS = (
					"$(inherited)",
					"@executable_path/Frameworks",
				);
				PRODUCT_BUNDLE_IDENTIFIER = com.BryanCress.OutaTime;
				PRODUCT_NAME = "$(TARGET_NAME)";
				SWIFT_VERSION = 5.0;
				TARGETED_DEVICE_FAMILY = "1,2";
			};
			name = Release;
		};
/* End XCBuildConfiguration section */

/* Begin XCConfigurationList section */
		A384D05D2475C62E003A0506 /* Build configuration list for PBXProject "OutaTime" */ = {
			isa = XCConfigurationList;
			buildConfigurations = (
				A384D0742475C632003A0506 /* Debug */,
				A384D0752475C632003A0506 /* Release */,
			);
			defaultConfigurationIsVisible = 0;
			defaultConfigurationName = Release;
		};
		A384D0762475C632003A0506 /* Build configuration list for PBXNativeTarget "OutaTime" */ = {
			isa = XCConfigurationList;
			buildConfigurations = (
				A384D0772475C632003A0506 /* Debug */,
				A384D0782475C632003A0506 /* Release */,
			);
			defaultConfigurationIsVisible = 0;
			defaultConfigurationName = Release;
		};
/* End XCConfigurationList section */
	};
	rootObject = A384D05A2475C62E003A0506 /* Project object */;
}
