// !$*UTF8*$!
{
	archiveVersion = 1;
	classes = {
	};
	objectVersion = 50;
	objects = {

/* Begin PBXBuildFile section */
		444D8232249014130098CDD8 /* AppDelegate.swift in Sources */ = {isa = PBXBuildFile; fileRef = 444D8231249014130098CDD8 /* AppDelegate.swift */; };
		444D8234249014130098CDD8 /* SceneDelegate.swift in Sources */ = {isa = PBXBuildFile; fileRef = 444D8233249014130098CDD8 /* SceneDelegate.swift */; };
		444D8236249014130098CDD8 /* ViewController.swift in Sources */ = {isa = PBXBuildFile; fileRef = 444D8235249014130098CDD8 /* ViewController.swift */; };
		444D8239249014130098CDD8 /* Main.storyboard in Resources */ = {isa = PBXBuildFile; fileRef = 444D8237249014130098CDD8 /* Main.storyboard */; };
		444D823B249014170098CDD8 /* Assets.xcassets in Resources */ = {isa = PBXBuildFile; fileRef = 444D823A249014170098CDD8 /* Assets.xcassets */; };
		444D823E249014170098CDD8 /* LaunchScreen.storyboard in Resources */ = {isa = PBXBuildFile; fileRef = 444D823C249014170098CDD8 /* LaunchScreen.storyboard */; };
		444D8246249071070098CDD8 /* TimeCircuitsViewController.swift in Sources */ = {isa = PBXBuildFile; fileRef = 444D8245249071070098CDD8 /* TimeCircuitsViewController.swift */; };
		444D8248249071260098CDD8 /* DataPickerViewController.swift in Sources */ = {isa = PBXBuildFile; fileRef = 444D8247249071260098CDD8 /* DataPickerViewController.swift */; };
/* End PBXBuildFile section */

/* Begin PBXFileReference section */
		444D822E249014130098CDD8 /* OutaTime.CraigBelinfante.app */ = {isa = PBXFileReference; explicitFileType = wrapper.application; includeInIndex = 0; path = OutaTime.CraigBelinfante.app; sourceTree = BUILT_PRODUCTS_DIR; };
		444D8231249014130098CDD8 /* AppDelegate.swift */ = {isa = PBXFileReference; lastKnownFileType = sourcecode.swift; path = AppDelegate.swift; sourceTree = "<group>"; };
		444D8233249014130098CDD8 /* SceneDelegate.swift */ = {isa = PBXFileReference; lastKnownFileType = sourcecode.swift; path = SceneDelegate.swift; sourceTree = "<group>"; };
		444D8235249014130098CDD8 /* ViewController.swift */ = {isa = PBXFileReference; lastKnownFileType = sourcecode.swift; path = ViewController.swift; sourceTree = "<group>"; };
		444D8238249014130098CDD8 /* Base */ = {isa = PBXFileReference; lastKnownFileType = file.storyboard; name = Base; path = Base.lproj/Main.storyboard; sourceTree = "<group>"; };
		444D823A249014170098CDD8 /* Assets.xcassets */ = {isa = PBXFileReference; lastKnownFileType = folder.assetcatalog; path = Assets.xcassets; sourceTree = "<group>"; };
		444D823D249014170098CDD8 /* Base */ = {isa = PBXFileReference; lastKnownFileType = file.storyboard; name = Base; path = Base.lproj/LaunchScreen.storyboard; sourceTree = "<group>"; };
		444D823F249014170098CDD8 /* Info.plist */ = {isa = PBXFileReference; lastKnownFileType = text.plist.xml; path = Info.plist; sourceTree = "<group>"; };
		444D8245249071070098CDD8 /* TimeCircuitsViewController.swift */ = {isa = PBXFileReference; lastKnownFileType = sourcecode.swift; path = TimeCircuitsViewController.swift; sourceTree = "<group>"; };
		444D8247249071260098CDD8 /* DataPickerViewController.swift */ = {isa = PBXFileReference; lastKnownFileType = sourcecode.swift; path = DataPickerViewController.swift; sourceTree = "<group>"; };
/* End PBXFileReference section */

/* Begin PBXFrameworksBuildPhase section */
		444D822B249014130098CDD8 /* Frameworks */ = {
			isa = PBXFrameworksBuildPhase;
			buildActionMask = 2147483647;
			files = (
			);
			runOnlyForDeploymentPostprocessing = 0;
		};
/* End PBXFrameworksBuildPhase section */

/* Begin PBXGroup section */
		444D8225249014130098CDD8 = {
			isa = PBXGroup;
			children = (
				444D8230249014130098CDD8 /* OutaTime.CraigBelinfante */,
				444D822F249014130098CDD8 /* Products */,
			);
			sourceTree = "<group>";
		};
		444D822F249014130098CDD8 /* Products */ = {
			isa = PBXGroup;
			children = (
				444D822E249014130098CDD8 /* OutaTime.CraigBelinfante.app */,
			);
			name = Products;
			sourceTree = "<group>";
		};
		444D8230249014130098CDD8 /* OutaTime.CraigBelinfante */ = {
			isa = PBXGroup;
			children = (
				444D8231249014130098CDD8 /* AppDelegate.swift */,
				444D8233249014130098CDD8 /* SceneDelegate.swift */,
				444D8235249014130098CDD8 /* ViewController.swift */,
				444D8237249014130098CDD8 /* Main.storyboard */,
				444D8245249071070098CDD8 /* TimeCircuitsViewController.swift */,
				444D8247249071260098CDD8 /* DataPickerViewController.swift */,
				444D823A249014170098CDD8 /* Assets.xcassets */,
				444D823C249014170098CDD8 /* LaunchScreen.storyboard */,
				444D823F249014170098CDD8 /* Info.plist */,
			);
			path = OutaTime.CraigBelinfante;
			sourceTree = "<group>";
		};
/* End PBXGroup section */

/* Begin PBXNativeTarget section */
		444D822D249014130098CDD8 /* OutaTime.CraigBelinfante */ = {
			isa = PBXNativeTarget;
			buildConfigurationList = 444D8242249014170098CDD8 /* Build configuration list for PBXNativeTarget "OutaTime.CraigBelinfante" */;
			buildPhases = (
				444D822A249014130098CDD8 /* Sources */,
				444D822B249014130098CDD8 /* Frameworks */,
				444D822C249014130098CDD8 /* Resources */,
			);
			buildRules = (
			);
			dependencies = (
			);
			name = OutaTime.CraigBelinfante;
			productName = OutaTime.CraigBelinfante;
			productReference = 444D822E249014130098CDD8 /* OutaTime.CraigBelinfante.app */;
			productType = "com.apple.product-type.application";
		};
/* End PBXNativeTarget section */

/* Begin PBXProject section */
		444D8226249014130098CDD8 /* Project object */ = {
			isa = PBXProject;
			attributes = {
				LastSwiftUpdateCheck = 1150;
				LastUpgradeCheck = 1150;
				ORGANIZATIONNAME = "Craig Belinfante";
				TargetAttributes = {
					444D822D249014130098CDD8 = {
						CreatedOnToolsVersion = 11.5;
					};
				};
			};
			buildConfigurationList = 444D8229249014130098CDD8 /* Build configuration list for PBXProject "OutaTime.CraigBelinfante" */;
			compatibilityVersion = "Xcode 9.3";
			developmentRegion = en;
			hasScannedForEncodings = 0;
			knownRegions = (
				en,
				Base,
			);
			mainGroup = 444D8225249014130098CDD8;
			productRefGroup = 444D822F249014130098CDD8 /* Products */;
			projectDirPath = "";
			projectRoot = "";
			targets = (
				444D822D249014130098CDD8 /* OutaTime.CraigBelinfante */,
			);
		};
/* End PBXProject section */

/* Begin PBXResourcesBuildPhase section */
		444D822C249014130098CDD8 /* Resources */ = {
			isa = PBXResourcesBuildPhase;
			buildActionMask = 2147483647;
			files = (
				444D823E249014170098CDD8 /* LaunchScreen.storyboard in Resources */,
				444D823B249014170098CDD8 /* Assets.xcassets in Resources */,
				444D8239249014130098CDD8 /* Main.storyboard in Resources */,
			);
			runOnlyForDeploymentPostprocessing = 0;
		};
/* End PBXResourcesBuildPhase section */

/* Begin PBXSourcesBuildPhase section */
		444D822A249014130098CDD8 /* Sources */ = {
			isa = PBXSourcesBuildPhase;
			buildActionMask = 2147483647;
			files = (
				444D8248249071260098CDD8 /* DataPickerViewController.swift in Sources */,
				444D8236249014130098CDD8 /* ViewController.swift in Sources */,
				444D8232249014130098CDD8 /* AppDelegate.swift in Sources */,
				444D8246249071070098CDD8 /* TimeCircuitsViewController.swift in Sources */,
				444D8234249014130098CDD8 /* SceneDelegate.swift in Sources */,
			);
			runOnlyForDeploymentPostprocessing = 0;
		};
/* End PBXSourcesBuildPhase section */

/* Begin PBXVariantGroup section */
		444D8237249014130098CDD8 /* Main.storyboard */ = {
			isa = PBXVariantGroup;
			children = (
				444D8238249014130098CDD8 /* Base */,
			);
			name = Main.storyboard;
			sourceTree = "<group>";
		};
		444D823C249014170098CDD8 /* LaunchScreen.storyboard */ = {
			isa = PBXVariantGroup;
			children = (
				444D823D249014170098CDD8 /* Base */,
			);
			name = LaunchScreen.storyboard;
			sourceTree = "<group>";
		};
/* End PBXVariantGroup section */

/* Begin XCBuildConfiguration section */
		444D8240249014170098CDD8 /* Debug */ = {
			isa = XCBuildConfiguration;
			buildSettings = {
				ALWAYS_SEARCH_USER_PATHS = NO;
				CLANG_ANALYZER_NONNULL = YES;
				CLANG_ANALYZER_NUMBER_OBJECT_CONVERSION = YES_AGGRESSIVE;
				CLANG_CXX_LANGUAGE_STANDARD = "gnu++14";
				CLANG_CXX_LIBRARY = "libc++";
				CLANG_ENABLE_MODULES = YES;
				CLANG_ENABLE_OBJC_ARC = YES;
				CLANG_ENABLE_OBJC_WEAK = YES;
				CLANG_WARN_BLOCK_CAPTURE_AUTORELEASING = YES;
				CLANG_WARN_BOOL_CONVERSION = YES;
				CLANG_WARN_COMMA = YES;
				CLANG_WARN_CONSTANT_CONVERSION = YES;
				CLANG_WARN_DEPRECATED_OBJC_IMPLEMENTATIONS = YES;
				CLANG_WARN_DIRECT_OBJC_ISA_USAGE = YES_ERROR;
				CLANG_WARN_DOCUMENTATION_COMMENTS = YES;
				CLANG_WARN_EMPTY_BODY = YES;
				CLANG_WARN_ENUM_CONVERSION = YES;
				CLANG_WARN_INFINITE_RECURSION = YES;
				CLANG_WARN_INT_CONVERSION = YES;
				CLANG_WARN_NON_LITERAL_NULL_CONVERSION = YES;
				CLANG_WARN_OBJC_IMPLICIT_RETAIN_SELF = YES;
				CLANG_WARN_OBJC_LITERAL_CONVERSION = YES;
				CLANG_WARN_OBJC_ROOT_CLASS = YES_ERROR;
				CLANG_WARN_RANGE_LOOP_ANALYSIS = YES;
				CLANG_WARN_STRICT_PROTOTYPES = YES;
				CLANG_WARN_SUSPICIOUS_MOVE = YES;
				CLANG_WARN_UNGUARDED_AVAILABILITY = YES_AGGRESSIVE;
				CLANG_WARN_UNREACHABLE_CODE = YES;
				CLANG_WARN__DUPLICATE_METHOD_MATCH = YES;
				COPY_PHASE_STRIP = NO;
				DEBUG_INFORMATION_FORMAT = dwarf;
				ENABLE_STRICT_OBJC_MSGSEND = YES;
				ENABLE_TESTABILITY = YES;
				GCC_C_LANGUAGE_STANDARD = gnu11;
				GCC_DYNAMIC_NO_PIC = NO;
				GCC_NO_COMMON_BLOCKS = YES;
				GCC_OPTIMIZATION_LEVEL = 0;
				GCC_PREPROCESSOR_DEFINITIONS = (
					"DEBUG=1",
					"$(inherited)",
				);
				GCC_WARN_64_TO_32_BIT_CONVERSION = YES;
				GCC_WARN_ABOUT_RETURN_TYPE = YES_ERROR;
				GCC_WARN_UNDECLARED_SELECTOR = YES;
				GCC_WARN_UNINITIALIZED_AUTOS = YES_AGGRESSIVE;
				GCC_WARN_UNUSED_FUNCTION = YES;
				GCC_WARN_UNUSED_VARIABLE = YES;
				IPHONEOS_DEPLOYMENT_TARGET = 13.5;
				MTL_ENABLE_DEBUG_INFO = INCLUDE_SOURCE;
				MTL_FAST_MATH = YES;
				ONLY_ACTIVE_ARCH = YES;
				SDKROOT = iphoneos;
				SWIFT_ACTIVE_COMPILATION_CONDITIONS = DEBUG;
				SWIFT_OPTIMIZATION_LEVEL = "-Onone";
			};
			name = Debug;
		};
		444D8241249014170098CDD8 /* Release */ = {
			isa = XCBuildConfiguration;
			buildSettings = {
				ALWAYS_SEARCH_USER_PATHS = NO;
				CLANG_ANALYZER_NONNULL = YES;
				CLANG_ANALYZER_NUMBER_OBJECT_CONVERSION = YES_AGGRESSIVE;
				CLANG_CXX_LANGUAGE_STANDARD = "gnu++14";
				CLANG_CXX_LIBRARY = "libc++";
				CLANG_ENABLE_MODULES = YES;
				CLANG_ENABLE_OBJC_ARC = YES;
				CLANG_ENABLE_OBJC_WEAK = YES;
				CLANG_WARN_BLOCK_CAPTURE_AUTORELEASING = YES;
				CLANG_WARN_BOOL_CONVERSION = YES;
				CLANG_WARN_COMMA = YES;
				CLANG_WARN_CONSTANT_CONVERSION = YES;
				CLANG_WARN_DEPRECATED_OBJC_IMPLEMENTATIONS = YES;
				CLANG_WARN_DIRECT_OBJC_ISA_USAGE = YES_ERROR;
				CLANG_WARN_DOCUMENTATION_COMMENTS = YES;
				CLANG_WARN_EMPTY_BODY = YES;
				CLANG_WARN_ENUM_CONVERSION = YES;
				CLANG_WARN_INFINITE_RECURSION = YES;
				CLANG_WARN_INT_CONVERSION = YES;
				CLANG_WARN_NON_LITERAL_NULL_CONVERSION = YES;
				CLANG_WARN_OBJC_IMPLICIT_RETAIN_SELF = YES;
				CLANG_WARN_OBJC_LITERAL_CONVERSION = YES;
				CLANG_WARN_OBJC_ROOT_CLASS = YES_ERROR;
				CLANG_WARN_RANGE_LOOP_ANALYSIS = YES;
				CLANG_WARN_STRICT_PROTOTYPES = YES;
				CLANG_WARN_SUSPICIOUS_MOVE = YES;
				CLANG_WARN_UNGUARDED_AVAILABILITY = YES_AGGRESSIVE;
				CLANG_WARN_UNREACHABLE_CODE = YES;
				CLANG_WARN__DUPLICATE_METHOD_MATCH = YES;
				COPY_PHASE_STRIP = NO;
				DEBUG_INFORMATION_FORMAT = "dwarf-with-dsym";
				ENABLE_NS_ASSERTIONS = NO;
				ENABLE_STRICT_OBJC_MSGSEND = YES;
				GCC_C_LANGUAGE_STANDARD = gnu11;
				GCC_NO_COMMON_BLOCKS = YES;
				GCC_WARN_64_TO_32_BIT_CONVERSION = YES;
				GCC_WARN_ABOUT_RETURN_TYPE = YES_ERROR;
				GCC_WARN_UNDECLARED_SELECTOR = YES;
				GCC_WARN_UNINITIALIZED_AUTOS = YES_AGGRESSIVE;
				GCC_WARN_UNUSED_FUNCTION = YES;
				GCC_WARN_UNUSED_VARIABLE = YES;
				IPHONEOS_DEPLOYMENT_TARGET = 13.5;
				MTL_ENABLE_DEBUG_INFO = NO;
				MTL_FAST_MATH = YES;
				SDKROOT = iphoneos;
				SWIFT_COMPILATION_MODE = wholemodule;
				SWIFT_OPTIMIZATION_LEVEL = "-O";
				VALIDATE_PRODUCT = YES;
			};
			name = Release;
		};
		444D8243249014170098CDD8 /* Debug */ = {
			isa = XCBuildConfiguration;
			buildSettings = {
				ASSETCATALOG_COMPILER_APPICON_NAME = AppIcon;
				CODE_SIGN_STYLE = Automatic;
				INFOPLIST_FILE = OutaTime.CraigBelinfante/Info.plist;
				LD_RUNPATH_SEARCH_PATHS = (
					"$(inherited)",
					"@executable_path/Frameworks",
				);
				PRODUCT_BUNDLE_IDENTIFIER = "com.LambdaSchool.OutaTime-CraigBelinfante";
				PRODUCT_NAME = "$(TARGET_NAME)";
				SWIFT_VERSION = 5.0;
				TARGETED_DEVICE_FAMILY = "1,2";
			};
			name = Debug;
		};
		444D8244249014170098CDD8 /* Release */ = {
			isa = XCBuildConfiguration;
			buildSettings = {
				ASSETCATALOG_COMPILER_APPICON_NAME = AppIcon;
				CODE_SIGN_STYLE = Automatic;
				INFOPLIST_FILE = OutaTime.CraigBelinfante/Info.plist;
				LD_RUNPATH_SEARCH_PATHS = (
					"$(inherited)",
					"@executable_path/Frameworks",
				);
				PRODUCT_BUNDLE_IDENTIFIER = "com.LambdaSchool.OutaTime-CraigBelinfante";
				PRODUCT_NAME = "$(TARGET_NAME)";
				SWIFT_VERSION = 5.0;
				TARGETED_DEVICE_FAMILY = "1,2";
			};
			name = Release;
		};
/* End XCBuildConfiguration section */

/* Begin XCConfigurationList section */
		444D8229249014130098CDD8 /* Build configuration list for PBXProject "OutaTime.CraigBelinfante" */ = {
			isa = XCConfigurationList;
			buildConfigurations = (
				444D8240249014170098CDD8 /* Debug */,
				444D8241249014170098CDD8 /* Release */,
			);
			defaultConfigurationIsVisible = 0;
			defaultConfigurationName = Release;
		};
		444D8242249014170098CDD8 /* Build configuration list for PBXNativeTarget "OutaTime.CraigBelinfante" */ = {
			isa = XCConfigurationList;
			buildConfigurations = (
				444D8243249014170098CDD8 /* Debug */,
				444D8244249014170098CDD8 /* Release */,
			);
			defaultConfigurationIsVisible = 0;
			defaultConfigurationName = Release;
		};
/* End XCConfigurationList section */
	};
	rootObject = 444D8226249014130098CDD8 /* Project object */;
}
