// !$*UTF8*$!
{
	archiveVersion = 1;
	classes = {
	};
	objectVersion = 50;
	objects = {

/* Begin PBXBuildFile section */
		843920FE230DD8A100FF8BCB /* AppDelegate.swift in Sources */ = {isa = PBXBuildFile; fileRef = 843920FD230DD8A100FF8BCB /* AppDelegate.swift */; };
		84392100230DD8A100FF8BCB /* ViewController.swift in Sources */ = {isa = PBXBuildFile; fileRef = 843920FF230DD8A100FF8BCB /* ViewController.swift */; };
		84392103230DD8A100FF8BCB /* Main.storyboard in Resources */ = {isa = PBXBuildFile; fileRef = 84392101230DD8A100FF8BCB /* Main.storyboard */; };
		84392105230DD8A600FF8BCB /* Assets.xcassets in Resources */ = {isa = PBXBuildFile; fileRef = 84392104230DD8A600FF8BCB /* Assets.xcassets */; };
		84392108230DD8A600FF8BCB /* LaunchScreen.storyboard in Resources */ = {isa = PBXBuildFile; fileRef = 84392106230DD8A600FF8BCB /* LaunchScreen.storyboard */; };
		84392112230DD97000FF8BCB /* DatePickerViewController.swift in Sources */ = {isa = PBXBuildFile; fileRef = 84392111230DD97000FF8BCB /* DatePickerViewController.swift */; };
		84392114230DD98500FF8BCB /* TimeCircuitViewController.swift in Sources */ = {isa = PBXBuildFile; fileRef = 84392113230DD98500FF8BCB /* TimeCircuitViewController.swift */; };
/* End PBXBuildFile section */

/* Begin PBXFileReference section */
		843920FA230DD8A100FF8BCB /* OutaTimeFlex.app */ = {isa = PBXFileReference; explicitFileType = wrapper.application; includeInIndex = 0; path = OutaTimeFlex.app; sourceTree = BUILT_PRODUCTS_DIR; };
		843920FD230DD8A100FF8BCB /* AppDelegate.swift */ = {isa = PBXFileReference; lastKnownFileType = sourcecode.swift; path = AppDelegate.swift; sourceTree = "<group>"; };
		843920FF230DD8A100FF8BCB /* ViewController.swift */ = {isa = PBXFileReference; lastKnownFileType = sourcecode.swift; path = ViewController.swift; sourceTree = "<group>"; };
		84392102230DD8A100FF8BCB /* Base */ = {isa = PBXFileReference; lastKnownFileType = file.storyboard; name = Base; path = Base.lproj/Main.storyboard; sourceTree = "<group>"; };
		84392104230DD8A600FF8BCB /* Assets.xcassets */ = {isa = PBXFileReference; lastKnownFileType = folder.assetcatalog; path = Assets.xcassets; sourceTree = "<group>"; };
		84392107230DD8A600FF8BCB /* Base */ = {isa = PBXFileReference; lastKnownFileType = file.storyboard; name = Base; path = Base.lproj/LaunchScreen.storyboard; sourceTree = "<group>"; };
		84392109230DD8A600FF8BCB /* Info.plist */ = {isa = PBXFileReference; lastKnownFileType = text.plist.xml; path = Info.plist; sourceTree = "<group>"; };
		84392111230DD97000FF8BCB /* DatePickerViewController.swift */ = {isa = PBXFileReference; lastKnownFileType = sourcecode.swift; path = DatePickerViewController.swift; sourceTree = SOURCE_ROOT; };
		84392113230DD98500FF8BCB /* TimeCircuitViewController.swift */ = {isa = PBXFileReference; lastKnownFileType = sourcecode.swift; path = TimeCircuitViewController.swift; sourceTree = "<group>"; };
/* End PBXFileReference section */

/* Begin PBXFrameworksBuildPhase section */
		843920F7230DD8A100FF8BCB /* Frameworks */ = {
			isa = PBXFrameworksBuildPhase;
			buildActionMask = 2147483647;
			files = (
			);
			runOnlyForDeploymentPostprocessing = 0;
		};
/* End PBXFrameworksBuildPhase section */

/* Begin PBXGroup section */
		843920F1230DD8A100FF8BCB = {
			isa = PBXGroup;
			children = (
				843920FC230DD8A100FF8BCB /* OutaTimeFlex */,
				843920FB230DD8A100FF8BCB /* Products */,
			);
			sourceTree = "<group>";
		};
		843920FB230DD8A100FF8BCB /* Products */ = {
			isa = PBXGroup;
			children = (
				843920FA230DD8A100FF8BCB /* OutaTimeFlex.app */,
			);
			name = Products;
			sourceTree = "<group>";
		};
		843920FC230DD8A100FF8BCB /* OutaTimeFlex */ = {
			isa = PBXGroup;
			children = (
				843920FD230DD8A100FF8BCB /* AppDelegate.swift */,
				843920FF230DD8A100FF8BCB /* ViewController.swift */,
				84392113230DD98500FF8BCB /* TimeCircuitViewController.swift */,
				84392111230DD97000FF8BCB /* DatePickerViewController.swift */,
				84392101230DD8A100FF8BCB /* Main.storyboard */,
				84392104230DD8A600FF8BCB /* Assets.xcassets */,
				84392106230DD8A600FF8BCB /* LaunchScreen.storyboard */,
				84392109230DD8A600FF8BCB /* Info.plist */,
			);
			path = OutaTimeFlex;
			sourceTree = "<group>";
		};
/* End PBXGroup section */

/* Begin PBXNativeTarget section */
		843920F9230DD8A100FF8BCB /* OutaTimeFlex */ = {
			isa = PBXNativeTarget;
			buildConfigurationList = 8439210C230DD8A600FF8BCB /* Build configuration list for PBXNativeTarget "OutaTimeFlex" */;
			buildPhases = (
				843920F6230DD8A100FF8BCB /* Sources */,
				843920F7230DD8A100FF8BCB /* Frameworks */,
				843920F8230DD8A100FF8BCB /* Resources */,
			);
			buildRules = (
			);
			dependencies = (
			);
			name = OutaTimeFlex;
			productName = OutaTimeFlex;
			productReference = 843920FA230DD8A100FF8BCB /* OutaTimeFlex.app */;
			productType = "com.apple.product-type.application";
		};
/* End PBXNativeTarget section */

/* Begin PBXProject section */
		843920F2230DD8A100FF8BCB /* Project object */ = {
			isa = PBXProject;
			attributes = {
				LastSwiftUpdateCheck = 1030;
				LastUpgradeCheck = 1030;
				ORGANIZATIONNAME = admin;
				TargetAttributes = {
					843920F9230DD8A100FF8BCB = {
						CreatedOnToolsVersion = 10.3;
					};
				};
			};
			buildConfigurationList = 843920F5230DD8A100FF8BCB /* Build configuration list for PBXProject "OutaTimeFlex" */;
			compatibilityVersion = "Xcode 9.3";
			developmentRegion = en;
			hasScannedForEncodings = 0;
			knownRegions = (
				en,
				Base,
			);
			mainGroup = 843920F1230DD8A100FF8BCB;
			productRefGroup = 843920FB230DD8A100FF8BCB /* Products */;
			projectDirPath = "";
			projectRoot = "";
			targets = (
				843920F9230DD8A100FF8BCB /* OutaTimeFlex */,
			);
		};
/* End PBXProject section */

/* Begin PBXResourcesBuildPhase section */
		843920F8230DD8A100FF8BCB /* Resources */ = {
			isa = PBXResourcesBuildPhase;
			buildActionMask = 2147483647;
			files = (
				84392108230DD8A600FF8BCB /* LaunchScreen.storyboard in Resources */,
				84392105230DD8A600FF8BCB /* Assets.xcassets in Resources */,
				84392103230DD8A100FF8BCB /* Main.storyboard in Resources */,
			);
			runOnlyForDeploymentPostprocessing = 0;
		};
/* End PBXResourcesBuildPhase section */

/* Begin PBXSourcesBuildPhase section */
		843920F6230DD8A100FF8BCB /* Sources */ = {
			isa = PBXSourcesBuildPhase;
			buildActionMask = 2147483647;
			files = (
				84392112230DD97000FF8BCB /* DatePickerViewController.swift in Sources */,
				84392100230DD8A100FF8BCB /* ViewController.swift in Sources */,
				843920FE230DD8A100FF8BCB /* AppDelegate.swift in Sources */,
				84392114230DD98500FF8BCB /* TimeCircuitViewController.swift in Sources */,
			);
			runOnlyForDeploymentPostprocessing = 0;
		};
/* End PBXSourcesBuildPhase section */

/* Begin PBXVariantGroup section */
		84392101230DD8A100FF8BCB /* Main.storyboard */ = {
			isa = PBXVariantGroup;
			children = (
				84392102230DD8A100FF8BCB /* Base */,
			);
			name = Main.storyboard;
			sourceTree = "<group>";
		};
		84392106230DD8A600FF8BCB /* LaunchScreen.storyboard */ = {
			isa = PBXVariantGroup;
			children = (
				84392107230DD8A600FF8BCB /* Base */,
			);
			name = LaunchScreen.storyboard;
			sourceTree = "<group>";
		};
/* End PBXVariantGroup section */

/* Begin XCBuildConfiguration section */
		8439210A230DD8A600FF8BCB /* Debug */ = {
			isa = XCBuildConfiguration;
			buildSettings = {
				ALWAYS_SEARCH_USER_PATHS = NO;
				CLANG_ANALYZER_NONNULL = YES;
				CLANG_ANALYZER_NUMBER_OBJECT_CONVERSION = YES_AGGRESSIVE;
				CLANG_CXX_LANGUAGE_STANDARD = "gnu++14";
				CLANG_CXX_LIBRARY = "libc++";
				CLANG_ENABLE_MODULES = YES;
				CLANG_ENABLE_OBJC_ARC = YES;
				CLANG_ENABLE_OBJC_WEAK = YES;
				CLANG_WARN_BLOCK_CAPTURE_AUTORELEASING = YES;
				CLANG_WARN_BOOL_CONVERSION = YES;
				CLANG_WARN_COMMA = YES;
				CLANG_WARN_CONSTANT_CONVERSION = YES;
				CLANG_WARN_DEPRECATED_OBJC_IMPLEMENTATIONS = YES;
				CLANG_WARN_DIRECT_OBJC_ISA_USAGE = YES_ERROR;
				CLANG_WARN_DOCUMENTATION_COMMENTS = YES;
				CLANG_WARN_EMPTY_BODY = YES;
				CLANG_WARN_ENUM_CONVERSION = YES;
				CLANG_WARN_INFINITE_RECURSION = YES;
				CLANG_WARN_INT_CONVERSION = YES;
				CLANG_WARN_NON_LITERAL_NULL_CONVERSION = YES;
				CLANG_WARN_OBJC_IMPLICIT_RETAIN_SELF = YES;
				CLANG_WARN_OBJC_LITERAL_CONVERSION = YES;
				CLANG_WARN_OBJC_ROOT_CLASS = YES_ERROR;
				CLANG_WARN_RANGE_LOOP_ANALYSIS = YES;
				CLANG_WARN_STRICT_PROTOTYPES = YES;
				CLANG_WARN_SUSPICIOUS_MOVE = YES;
				CLANG_WARN_UNGUARDED_AVAILABILITY = YES_AGGRESSIVE;
				CLANG_WARN_UNREACHABLE_CODE = YES;
				CLANG_WARN__DUPLICATE_METHOD_MATCH = YES;
				CODE_SIGN_IDENTITY = "iPhone Developer";
				COPY_PHASE_STRIP = NO;
				DEBUG_INFORMATION_FORMAT = dwarf;
				ENABLE_STRICT_OBJC_MSGSEND = YES;
				ENABLE_TESTABILITY = YES;
				GCC_C_LANGUAGE_STANDARD = gnu11;
				GCC_DYNAMIC_NO_PIC = NO;
				GCC_NO_COMMON_BLOCKS = YES;
				GCC_OPTIMIZATION_LEVEL = 0;
				GCC_PREPROCESSOR_DEFINITIONS = (
					"DEBUG=1",
					"$(inherited)",
				);
				GCC_WARN_64_TO_32_BIT_CONVERSION = YES;
				GCC_WARN_ABOUT_RETURN_TYPE = YES_ERROR;
				GCC_WARN_UNDECLARED_SELECTOR = YES;
				GCC_WARN_UNINITIALIZED_AUTOS = YES_AGGRESSIVE;
				GCC_WARN_UNUSED_FUNCTION = YES;
				GCC_WARN_UNUSED_VARIABLE = YES;
				IPHONEOS_DEPLOYMENT_TARGET = 12.4;
				MTL_ENABLE_DEBUG_INFO = INCLUDE_SOURCE;
				MTL_FAST_MATH = YES;
				ONLY_ACTIVE_ARCH = YES;
				SDKROOT = iphoneos;
				SWIFT_ACTIVE_COMPILATION_CONDITIONS = DEBUG;
				SWIFT_OPTIMIZATION_LEVEL = "-Onone";
			};
			name = Debug;
		};
		8439210B230DD8A600FF8BCB /* Release */ = {
			isa = XCBuildConfiguration;
			buildSettings = {
				ALWAYS_SEARCH_USER_PATHS = NO;
				CLANG_ANALYZER_NONNULL = YES;
				CLANG_ANALYZER_NUMBER_OBJECT_CONVERSION = YES_AGGRESSIVE;
				CLANG_CXX_LANGUAGE_STANDARD = "gnu++14";
				CLANG_CXX_LIBRARY = "libc++";
				CLANG_ENABLE_MODULES = YES;
				CLANG_ENABLE_OBJC_ARC = YES;
				CLANG_ENABLE_OBJC_WEAK = YES;
				CLANG_WARN_BLOCK_CAPTURE_AUTORELEASING = YES;
				CLANG_WARN_BOOL_CONVERSION = YES;
				CLANG_WARN_COMMA = YES;
				CLANG_WARN_CONSTANT_CONVERSION = YES;
				CLANG_WARN_DEPRECATED_OBJC_IMPLEMENTATIONS = YES;
				CLANG_WARN_DIRECT_OBJC_ISA_USAGE = YES_ERROR;
				CLANG_WARN_DOCUMENTATION_COMMENTS = YES;
				CLANG_WARN_EMPTY_BODY = YES;
				CLANG_WARN_ENUM_CONVERSION = YES;
				CLANG_WARN_INFINITE_RECURSION = YES;
				CLANG_WARN_INT_CONVERSION = YES;
				CLANG_WARN_NON_LITERAL_NULL_CONVERSION = YES;
				CLANG_WARN_OBJC_IMPLICIT_RETAIN_SELF = YES;
				CLANG_WARN_OBJC_LITERAL_CONVERSION = YES;
				CLANG_WARN_OBJC_ROOT_CLASS = YES_ERROR;
				CLANG_WARN_RANGE_LOOP_ANALYSIS = YES;
				CLANG_WARN_STRICT_PROTOTYPES = YES;
				CLANG_WARN_SUSPICIOUS_MOVE = YES;
				CLANG_WARN_UNGUARDED_AVAILABILITY = YES_AGGRESSIVE;
				CLANG_WARN_UNREACHABLE_CODE = YES;
				CLANG_WARN__DUPLICATE_METHOD_MATCH = YES;
				CODE_SIGN_IDENTITY = "iPhone Developer";
				COPY_PHASE_STRIP = NO;
				DEBUG_INFORMATION_FORMAT = "dwarf-with-dsym";
				ENABLE_NS_ASSERTIONS = NO;
				ENABLE_STRICT_OBJC_MSGSEND = YES;
				GCC_C_LANGUAGE_STANDARD = gnu11;
				GCC_NO_COMMON_BLOCKS = YES;
				GCC_WARN_64_TO_32_BIT_CONVERSION = YES;
				GCC_WARN_ABOUT_RETURN_TYPE = YES_ERROR;
				GCC_WARN_UNDECLARED_SELECTOR = YES;
				GCC_WARN_UNINITIALIZED_AUTOS = YES_AGGRESSIVE;
				GCC_WARN_UNUSED_FUNCTION = YES;
				GCC_WARN_UNUSED_VARIABLE = YES;
				IPHONEOS_DEPLOYMENT_TARGET = 12.4;
				MTL_ENABLE_DEBUG_INFO = NO;
				MTL_FAST_MATH = YES;
				SDKROOT = iphoneos;
				SWIFT_COMPILATION_MODE = wholemodule;
				SWIFT_OPTIMIZATION_LEVEL = "-O";
				VALIDATE_PRODUCT = YES;
			};
			name = Release;
		};
		8439210D230DD8A600FF8BCB /* Debug */ = {
			isa = XCBuildConfiguration;
			buildSettings = {
				ASSETCATALOG_COMPILER_APPICON_NAME = AppIcon;
				CODE_SIGN_STYLE = Automatic;
				INFOPLIST_FILE = OutaTimeFlex/Info.plist;
				LD_RUNPATH_SEARCH_PATHS = (
					"$(inherited)",
					"@executable_path/Frameworks",
				);
				PRODUCT_BUNDLE_IDENTIFIER = jerry.OutaTimeFlex;
				PRODUCT_NAME = "$(TARGET_NAME)";
				SWIFT_VERSION = 5.0;
				TARGETED_DEVICE_FAMILY = "1,2";
			};
			name = Debug;
		};
		8439210E230DD8A600FF8BCB /* Release */ = {
			isa = XCBuildConfiguration;
			buildSettings = {
				ASSETCATALOG_COMPILER_APPICON_NAME = AppIcon;
				CODE_SIGN_STYLE = Automatic;
				INFOPLIST_FILE = OutaTimeFlex/Info.plist;
				LD_RUNPATH_SEARCH_PATHS = (
					"$(inherited)",
					"@executable_path/Frameworks",
				);
				PRODUCT_BUNDLE_IDENTIFIER = jerry.OutaTimeFlex;
				PRODUCT_NAME = "$(TARGET_NAME)";
				SWIFT_VERSION = 5.0;
				TARGETED_DEVICE_FAMILY = "1,2";
			};
			name = Release;
		};
/* End XCBuildConfiguration section */

/* Begin XCConfigurationList section */
		843920F5230DD8A100FF8BCB /* Build configuration list for PBXProject "OutaTimeFlex" */ = {
			isa = XCConfigurationList;
			buildConfigurations = (
				8439210A230DD8A600FF8BCB /* Debug */,
				8439210B230DD8A600FF8BCB /* Release */,
			);
			defaultConfigurationIsVisible = 0;
			defaultConfigurationName = Release;
		};
		8439210C230DD8A600FF8BCB /* Build configuration list for PBXNativeTarget "OutaTimeFlex" */ = {
			isa = XCConfigurationList;
			buildConfigurations = (
				8439210D230DD8A600FF8BCB /* Debug */,
				8439210E230DD8A600FF8BCB /* Release */,
			);
			defaultConfigurationIsVisible = 0;
			defaultConfigurationName = Release;
		};
/* End XCConfigurationList section */
	};
	rootObject = 843920F2230DD8A100FF8BCB /* Project object */;
}
