// !$*UTF8*$!
{
	archiveVersion = 1;
	classes = {
	};
	objectVersion = 50;
	objects = {

/* Begin PBXBuildFile section */
		6A439FE8244685390022CB6E /* digital-7.ttf in Resources */ = {isa = PBXBuildFile; fileRef = 6A439FE7244684930022CB6E /* digital-7.ttf */; };
		6ABE387B2446274300DE2AFA /* AppDelegate.swift in Sources */ = {isa = PBXBuildFile; fileRef = 6ABE387A2446274300DE2AFA /* AppDelegate.swift */; };
		6ABE387D2446274300DE2AFA /* SceneDelegate.swift in Sources */ = {isa = PBXBuildFile; fileRef = 6ABE387C2446274300DE2AFA /* SceneDelegate.swift */; };
		6ABE387F2446274300DE2AFA /* ViewController.swift in Sources */ = {isa = PBXBuildFile; fileRef = 6ABE387E2446274300DE2AFA /* ViewController.swift */; };
		6ABE38822446274300DE2AFA /* Main.storyboard in Resources */ = {isa = PBXBuildFile; fileRef = 6ABE38802446274300DE2AFA /* Main.storyboard */; };
		6ABE38842446274500DE2AFA /* Assets.xcassets in Resources */ = {isa = PBXBuildFile; fileRef = 6ABE38832446274500DE2AFA /* Assets.xcassets */; };
		6ABE38872446274500DE2AFA /* LaunchScreen.storyboard in Resources */ = {isa = PBXBuildFile; fileRef = 6ABE38852446274500DE2AFA /* LaunchScreen.storyboard */; };
		6ABE388F2446287400DE2AFA /* TimeCircuitsViewController.swift in Sources */ = {isa = PBXBuildFile; fileRef = 6ABE388E2446287400DE2AFA /* TimeCircuitsViewController.swift */; };
		6ABE38912446289A00DE2AFA /* DatePickerViewController.swift in Sources */ = {isa = PBXBuildFile; fileRef = 6ABE38902446289A00DE2AFA /* DatePickerViewController.swift */; };
/* End PBXBuildFile section */

/* Begin PBXFileReference section */
		6A439FE7244684930022CB6E /* digital-7.ttf */ = {isa = PBXFileReference; lastKnownFileType = file; path = "digital-7.ttf"; sourceTree = "<group>"; };
		6ABE38772446274300DE2AFA /* OutaTime.app */ = {isa = PBXFileReference; explicitFileType = wrapper.application; includeInIndex = 0; path = OutaTime.app; sourceTree = BUILT_PRODUCTS_DIR; };
		6ABE387A2446274300DE2AFA /* AppDelegate.swift */ = {isa = PBXFileReference; lastKnownFileType = sourcecode.swift; path = AppDelegate.swift; sourceTree = "<group>"; };
		6ABE387C2446274300DE2AFA /* SceneDelegate.swift */ = {isa = PBXFileReference; lastKnownFileType = sourcecode.swift; path = SceneDelegate.swift; sourceTree = "<group>"; };
		6ABE387E2446274300DE2AFA /* ViewController.swift */ = {isa = PBXFileReference; lastKnownFileType = sourcecode.swift; path = ViewController.swift; sourceTree = "<group>"; };
		6ABE38812446274300DE2AFA /* Base */ = {isa = PBXFileReference; lastKnownFileType = file.storyboard; name = Base; path = Base.lproj/Main.storyboard; sourceTree = "<group>"; };
		6ABE38832446274500DE2AFA /* Assets.xcassets */ = {isa = PBXFileReference; lastKnownFileType = folder.assetcatalog; path = Assets.xcassets; sourceTree = "<group>"; };
		6ABE38862446274500DE2AFA /* Base */ = {isa = PBXFileReference; lastKnownFileType = file.storyboard; name = Base; path = Base.lproj/LaunchScreen.storyboard; sourceTree = "<group>"; };
		6ABE38882446274600DE2AFA /* Info.plist */ = {isa = PBXFileReference; lastKnownFileType = text.plist.xml; path = Info.plist; sourceTree = "<group>"; };
		6ABE388E2446287400DE2AFA /* TimeCircuitsViewController.swift */ = {isa = PBXFileReference; lastKnownFileType = sourcecode.swift; path = TimeCircuitsViewController.swift; sourceTree = "<group>"; };
		6ABE38902446289A00DE2AFA /* DatePickerViewController.swift */ = {isa = PBXFileReference; lastKnownFileType = sourcecode.swift; path = DatePickerViewController.swift; sourceTree = "<group>"; };
/* End PBXFileReference section */

/* Begin PBXFrameworksBuildPhase section */
		6ABE38742446274300DE2AFA /* Frameworks */ = {
			isa = PBXFrameworksBuildPhase;
			buildActionMask = 2147483647;
			files = (
			);
			runOnlyForDeploymentPostprocessing = 0;
		};
/* End PBXFrameworksBuildPhase section */

/* Begin PBXGroup section */
		6ABE386E2446274300DE2AFA = {
			isa = PBXGroup;
			children = (
				6ABE38792446274300DE2AFA /* Outta Time */,
				6ABE38782446274300DE2AFA /* Products */,
			);
			sourceTree = "<group>";
		};
		6ABE38782446274300DE2AFA /* Products */ = {
			isa = PBXGroup;
			children = (
				6ABE38772446274300DE2AFA /* OutaTime.app */,
			);
			name = Products;
			sourceTree = "<group>";
		};
		6ABE38792446274300DE2AFA /* Outta Time */ = {
			isa = PBXGroup;
			children = (
				6ABE387A2446274300DE2AFA /* AppDelegate.swift */,
				6ABE387C2446274300DE2AFA /* SceneDelegate.swift */,
				6ABE387E2446274300DE2AFA /* ViewController.swift */,
				6ABE388E2446287400DE2AFA /* TimeCircuitsViewController.swift */,
				6ABE38902446289A00DE2AFA /* DatePickerViewController.swift */,
				6ABE38802446274300DE2AFA /* Main.storyboard */,
				6ABE38832446274500DE2AFA /* Assets.xcassets */,
				6ABE38852446274500DE2AFA /* LaunchScreen.storyboard */,
				6ABE38882446274600DE2AFA /* Info.plist */,
				6A439FE7244684930022CB6E /* digital-7.ttf */,
			);
			path = "Outta Time";
			sourceTree = "<group>";
		};
/* End PBXGroup section */

/* Begin PBXNativeTarget section */
		6ABE38762446274300DE2AFA /* Outta Time */ = {
			isa = PBXNativeTarget;
			buildConfigurationList = 6ABE388B2446274600DE2AFA /* Build configuration list for PBXNativeTarget "Outta Time" */;
			buildPhases = (
				6ABE38732446274300DE2AFA /* Sources */,
				6ABE38742446274300DE2AFA /* Frameworks */,
				6ABE38752446274300DE2AFA /* Resources */,
			);
			buildRules = (
			);
			dependencies = (
			);
			name = "Outta Time";
			productName = "Outta Time";
			productReference = 6ABE38772446274300DE2AFA /* OutaTime.app */;
			productType = "com.apple.product-type.application";
		};
/* End PBXNativeTarget section */

/* Begin PBXProject section */
		6ABE386F2446274300DE2AFA /* Project object */ = {
			isa = PBXProject;
			attributes = {
				LastSwiftUpdateCheck = 1130;
				LastUpgradeCheck = 1130;
				ORGANIZATIONNAME = Ahava;
				TargetAttributes = {
					6ABE38762446274300DE2AFA = {
						CreatedOnToolsVersion = 11.3.1;
					};
				};
			};
			buildConfigurationList = 6ABE38722446274300DE2AFA /* Build configuration list for PBXProject "Outta Time" */;
			compatibilityVersion = "Xcode 9.3";
			developmentRegion = en;
			hasScannedForEncodings = 0;
			knownRegions = (
				en,
				Base,
			);
			mainGroup = 6ABE386E2446274300DE2AFA;
			productRefGroup = 6ABE38782446274300DE2AFA /* Products */;
			projectDirPath = "";
			projectRoot = "";
			targets = (
				6ABE38762446274300DE2AFA /* Outta Time */,
			);
		};
/* End PBXProject section */

/* Begin PBXResourcesBuildPhase section */
		6ABE38752446274300DE2AFA /* Resources */ = {
			isa = PBXResourcesBuildPhase;
			buildActionMask = 2147483647;
			files = (
				6ABE38872446274500DE2AFA /* LaunchScreen.storyboard in Resources */,
				6ABE38842446274500DE2AFA /* Assets.xcassets in Resources */,
				6ABE38822446274300DE2AFA /* Main.storyboard in Resources */,
				6A439FE8244685390022CB6E /* digital-7.ttf in Resources */,
			);
			runOnlyForDeploymentPostprocessing = 0;
		};
/* End PBXResourcesBuildPhase section */

/* Begin PBXSourcesBuildPhase section */
		6ABE38732446274300DE2AFA /* Sources */ = {
			isa = PBXSourcesBuildPhase;
			buildActionMask = 2147483647;
			files = (
				6ABE387F2446274300DE2AFA /* ViewController.swift in Sources */,
				6ABE38912446289A00DE2AFA /* DatePickerViewController.swift in Sources */,
				6ABE387B2446274300DE2AFA /* AppDelegate.swift in Sources */,
				6ABE388F2446287400DE2AFA /* TimeCircuitsViewController.swift in Sources */,
				6ABE387D2446274300DE2AFA /* SceneDelegate.swift in Sources */,
			);
			runOnlyForDeploymentPostprocessing = 0;
		};
/* End PBXSourcesBuildPhase section */

/* Begin PBXVariantGroup section */
		6ABE38802446274300DE2AFA /* Main.storyboard */ = {
			isa = PBXVariantGroup;
			children = (
				6ABE38812446274300DE2AFA /* Base */,
			);
			name = Main.storyboard;
			sourceTree = "<group>";
		};
		6ABE38852446274500DE2AFA /* LaunchScreen.storyboard */ = {
			isa = PBXVariantGroup;
			children = (
				6ABE38862446274500DE2AFA /* Base */,
			);
			name = LaunchScreen.storyboard;
			sourceTree = "<group>";
		};
/* End PBXVariantGroup section */

/* Begin XCBuildConfiguration section */
		6ABE38892446274600DE2AFA /* Debug */ = {
			isa = XCBuildConfiguration;
			buildSettings = {
				ALWAYS_SEARCH_USER_PATHS = NO;
				CLANG_ANALYZER_NONNULL = YES;
				CLANG_ANALYZER_NUMBER_OBJECT_CONVERSION = YES_AGGRESSIVE;
				CLANG_CXX_LANGUAGE_STANDARD = "gnu++14";
				CLANG_CXX_LIBRARY = "libc++";
				CLANG_ENABLE_MODULES = YES;
				CLANG_ENABLE_OBJC_ARC = YES;
				CLANG_ENABLE_OBJC_WEAK = YES;
				CLANG_WARN_BLOCK_CAPTURE_AUTORELEASING = YES;
				CLANG_WARN_BOOL_CONVERSION = YES;
				CLANG_WARN_COMMA = YES;
				CLANG_WARN_CONSTANT_CONVERSION = YES;
				CLANG_WARN_DEPRECATED_OBJC_IMPLEMENTATIONS = YES;
				CLANG_WARN_DIRECT_OBJC_ISA_USAGE = YES_ERROR;
				CLANG_WARN_DOCUMENTATION_COMMENTS = YES;
				CLANG_WARN_EMPTY_BODY = YES;
				CLANG_WARN_ENUM_CONVERSION = YES;
				CLANG_WARN_INFINITE_RECURSION = YES;
				CLANG_WARN_INT_CONVERSION = YES;
				CLANG_WARN_NON_LITERAL_NULL_CONVERSION = YES;
				CLANG_WARN_OBJC_IMPLICIT_RETAIN_SELF = YES;
				CLANG_WARN_OBJC_LITERAL_CONVERSION = YES;
				CLANG_WARN_OBJC_ROOT_CLASS = YES_ERROR;
				CLANG_WARN_RANGE_LOOP_ANALYSIS = YES;
				CLANG_WARN_STRICT_PROTOTYPES = YES;
				CLANG_WARN_SUSPICIOUS_MOVE = YES;
				CLANG_WARN_UNGUARDED_AVAILABILITY = YES_AGGRESSIVE;
				CLANG_WARN_UNREACHABLE_CODE = YES;
				CLANG_WARN__DUPLICATE_METHOD_MATCH = YES;
				COPY_PHASE_STRIP = NO;
				DEBUG_INFORMATION_FORMAT = dwarf;
				ENABLE_STRICT_OBJC_MSGSEND = YES;
				ENABLE_TESTABILITY = YES;
				GCC_C_LANGUAGE_STANDARD = gnu11;
				GCC_DYNAMIC_NO_PIC = NO;
				GCC_NO_COMMON_BLOCKS = YES;
				GCC_OPTIMIZATION_LEVEL = 0;
				GCC_PREPROCESSOR_DEFINITIONS = (
					"DEBUG=1",
					"$(inherited)",
				);
				GCC_WARN_64_TO_32_BIT_CONVERSION = YES;
				GCC_WARN_ABOUT_RETURN_TYPE = YES_ERROR;
				GCC_WARN_UNDECLARED_SELECTOR = YES;
				GCC_WARN_UNINITIALIZED_AUTOS = YES_AGGRESSIVE;
				GCC_WARN_UNUSED_FUNCTION = YES;
				GCC_WARN_UNUSED_VARIABLE = YES;
				IPHONEOS_DEPLOYMENT_TARGET = 13.2;
				MTL_ENABLE_DEBUG_INFO = INCLUDE_SOURCE;
				MTL_FAST_MATH = YES;
				ONLY_ACTIVE_ARCH = YES;
				SDKROOT = iphoneos;
				SWIFT_ACTIVE_COMPILATION_CONDITIONS = DEBUG;
				SWIFT_OPTIMIZATION_LEVEL = "-Onone";
			};
			name = Debug;
		};
		6ABE388A2446274600DE2AFA /* Release */ = {
			isa = XCBuildConfiguration;
			buildSettings = {
				ALWAYS_SEARCH_USER_PATHS = NO;
				CLANG_ANALYZER_NONNULL = YES;
				CLANG_ANALYZER_NUMBER_OBJECT_CONVERSION = YES_AGGRESSIVE;
				CLANG_CXX_LANGUAGE_STANDARD = "gnu++14";
				CLANG_CXX_LIBRARY = "libc++";
				CLANG_ENABLE_MODULES = YES;
				CLANG_ENABLE_OBJC_ARC = YES;
				CLANG_ENABLE_OBJC_WEAK = YES;
				CLANG_WARN_BLOCK_CAPTURE_AUTORELEASING = YES;
				CLANG_WARN_BOOL_CONVERSION = YES;
				CLANG_WARN_COMMA = YES;
				CLANG_WARN_CONSTANT_CONVERSION = YES;
				CLANG_WARN_DEPRECATED_OBJC_IMPLEMENTATIONS = YES;
				CLANG_WARN_DIRECT_OBJC_ISA_USAGE = YES_ERROR;
				CLANG_WARN_DOCUMENTATION_COMMENTS = YES;
				CLANG_WARN_EMPTY_BODY = YES;
				CLANG_WARN_ENUM_CONVERSION = YES;
				CLANG_WARN_INFINITE_RECURSION = YES;
				CLANG_WARN_INT_CONVERSION = YES;
				CLANG_WARN_NON_LITERAL_NULL_CONVERSION = YES;
				CLANG_WARN_OBJC_IMPLICIT_RETAIN_SELF = YES;
				CLANG_WARN_OBJC_LITERAL_CONVERSION = YES;
				CLANG_WARN_OBJC_ROOT_CLASS = YES_ERROR;
				CLANG_WARN_RANGE_LOOP_ANALYSIS = YES;
				CLANG_WARN_STRICT_PROTOTYPES = YES;
				CLANG_WARN_SUSPICIOUS_MOVE = YES;
				CLANG_WARN_UNGUARDED_AVAILABILITY = YES_AGGRESSIVE;
				CLANG_WARN_UNREACHABLE_CODE = YES;
				CLANG_WARN__DUPLICATE_METHOD_MATCH = YES;
				COPY_PHASE_STRIP = NO;
				DEBUG_INFORMATION_FORMAT = "dwarf-with-dsym";
				ENABLE_NS_ASSERTIONS = NO;
				ENABLE_STRICT_OBJC_MSGSEND = YES;
				GCC_C_LANGUAGE_STANDARD = gnu11;
				GCC_NO_COMMON_BLOCKS = YES;
				GCC_WARN_64_TO_32_BIT_CONVERSION = YES;
				GCC_WARN_ABOUT_RETURN_TYPE = YES_ERROR;
				GCC_WARN_UNDECLARED_SELECTOR = YES;
				GCC_WARN_UNINITIALIZED_AUTOS = YES_AGGRESSIVE;
				GCC_WARN_UNUSED_FUNCTION = YES;
				GCC_WARN_UNUSED_VARIABLE = YES;
				IPHONEOS_DEPLOYMENT_TARGET = 13.2;
				MTL_ENABLE_DEBUG_INFO = NO;
				MTL_FAST_MATH = YES;
				SDKROOT = iphoneos;
				SWIFT_COMPILATION_MODE = wholemodule;
				SWIFT_OPTIMIZATION_LEVEL = "-O";
				VALIDATE_PRODUCT = YES;
			};
			name = Release;
		};
		6ABE388C2446274600DE2AFA /* Debug */ = {
			isa = XCBuildConfiguration;
			buildSettings = {
				ASSETCATALOG_COMPILER_APPICON_NAME = AppIcon;
				CODE_SIGN_STYLE = Automatic;
				INFOPLIST_FILE = "Outta Time/Info.plist";
				LD_RUNPATH_SEARCH_PATHS = (
					"$(inherited)",
					"@executable_path/Frameworks",
				);
				PRODUCT_BUNDLE_IDENTIFIER = "ahava.Outta-Time";
				PRODUCT_NAME = OutaTime;
				SWIFT_VERSION = 5.0;
				TARGETED_DEVICE_FAMILY = "1,2";
			};
			name = Debug;
		};
		6ABE388D2446274600DE2AFA /* Release */ = {
			isa = XCBuildConfiguration;
			buildSettings = {
				ASSETCATALOG_COMPILER_APPICON_NAME = AppIcon;
				CODE_SIGN_STYLE = Automatic;
				INFOPLIST_FILE = "Outta Time/Info.plist";
				LD_RUNPATH_SEARCH_PATHS = (
					"$(inherited)",
					"@executable_path/Frameworks",
				);
				PRODUCT_BUNDLE_IDENTIFIER = "ahava.Outta-Time";
				PRODUCT_NAME = OutaTime;
				SWIFT_VERSION = 5.0;
				TARGETED_DEVICE_FAMILY = "1,2";
			};
			name = Release;
		};
/* End XCBuildConfiguration section */

/* Begin XCConfigurationList section */
		6ABE38722446274300DE2AFA /* Build configuration list for PBXProject "Outta Time" */ = {
			isa = XCConfigurationList;
			buildConfigurations = (
				6ABE38892446274600DE2AFA /* Debug */,
				6ABE388A2446274600DE2AFA /* Release */,
			);
			defaultConfigurationIsVisible = 0;
			defaultConfigurationName = Release;
		};
		6ABE388B2446274600DE2AFA /* Build configuration list for PBXNativeTarget "Outta Time" */ = {
			isa = XCConfigurationList;
			buildConfigurations = (
				6ABE388C2446274600DE2AFA /* Debug */,
				6ABE388D2446274600DE2AFA /* Release */,
			);
			defaultConfigurationIsVisible = 0;
			defaultConfigurationName = Release;
		};
/* End XCConfigurationList section */
	};
	rootObject = 6ABE386F2446274300DE2AFA /* Project object */;
}
