// !$*UTF8*$!
{
	archiveVersion = 1;
	classes = {
	};
	objectVersion = 50;
	objects = {

/* Begin PBXBuildFile section */
		A3820F3D2475FC540049B63E /* AppDelegate.swift in Sources */ = {isa = PBXBuildFile; fileRef = A3820F3C2475FC540049B63E /* AppDelegate.swift */; };
		A3820F3F2475FC540049B63E /* SceneDelegate.swift in Sources */ = {isa = PBXBuildFile; fileRef = A3820F3E2475FC540049B63E /* SceneDelegate.swift */; };
		A3820F442475FC540049B63E /* Main.storyboard in Resources */ = {isa = PBXBuildFile; fileRef = A3820F422475FC540049B63E /* Main.storyboard */; };
		A3820F462475FC550049B63E /* Assets.xcassets in Resources */ = {isa = PBXBuildFile; fileRef = A3820F452475FC550049B63E /* Assets.xcassets */; };
		A3820F492475FC550049B63E /* LaunchScreen.storyboard in Resources */ = {isa = PBXBuildFile; fileRef = A3820F472475FC550049B63E /* LaunchScreen.storyboard */; };
		A3820F542475FD100049B63E /* TimeCircuitsViewController.swift in Sources */ = {isa = PBXBuildFile; fileRef = A3820F532475FD100049B63E /* TimeCircuitsViewController.swift */; };
		A3820F562475FD260049B63E /* DatePickerViewController.swift in Sources */ = {isa = PBXBuildFile; fileRef = A3820F552475FD260049B63E /* DatePickerViewController.swift */; };
		A3820F582475FDC70049B63E /* digital-7.ttf in Resources */ = {isa = PBXBuildFile; fileRef = A3820F572475FDBA0049B63E /* digital-7.ttf */; };
/* End PBXBuildFile section */

/* Begin PBXFileReference section */
		A3820F392475FC540049B63E /* Outatime.app */ = {isa = PBXFileReference; explicitFileType = wrapper.application; includeInIndex = 0; path = Outatime.app; sourceTree = BUILT_PRODUCTS_DIR; };
		A3820F3C2475FC540049B63E /* AppDelegate.swift */ = {isa = PBXFileReference; lastKnownFileType = sourcecode.swift; path = AppDelegate.swift; sourceTree = "<group>"; };
		A3820F3E2475FC540049B63E /* SceneDelegate.swift */ = {isa = PBXFileReference; lastKnownFileType = sourcecode.swift; path = SceneDelegate.swift; sourceTree = "<group>"; };
		A3820F432475FC540049B63E /* Base */ = {isa = PBXFileReference; lastKnownFileType = file.storyboard; name = Base; path = Base.lproj/Main.storyboard; sourceTree = "<group>"; };
		A3820F452475FC550049B63E /* Assets.xcassets */ = {isa = PBXFileReference; lastKnownFileType = folder.assetcatalog; path = Assets.xcassets; sourceTree = "<group>"; };
		A3820F482475FC550049B63E /* Base */ = {isa = PBXFileReference; lastKnownFileType = file.storyboard; name = Base; path = Base.lproj/LaunchScreen.storyboard; sourceTree = "<group>"; };
		A3820F4A2475FC550049B63E /* Info.plist */ = {isa = PBXFileReference; lastKnownFileType = text.plist.xml; path = Info.plist; sourceTree = "<group>"; };
		A3820F532475FD100049B63E /* TimeCircuitsViewController.swift */ = {isa = PBXFileReference; lastKnownFileType = sourcecode.swift; path = TimeCircuitsViewController.swift; sourceTree = "<group>"; };
		A3820F552475FD260049B63E /* DatePickerViewController.swift */ = {isa = PBXFileReference; lastKnownFileType = sourcecode.swift; path = DatePickerViewController.swift; sourceTree = "<group>"; };
		A3820F572475FDBA0049B63E /* digital-7.ttf */ = {isa = PBXFileReference; lastKnownFileType = file; name = "digital-7.ttf"; path = "../../../digital-7.ttf"; sourceTree = "<group>"; };
/* End PBXFileReference section */

/* Begin PBXFrameworksBuildPhase section */
		A3820F362475FC540049B63E /* Frameworks */ = {
			isa = PBXFrameworksBuildPhase;
			buildActionMask = 2147483647;
			files = (
			);
			runOnlyForDeploymentPostprocessing = 0;
		};
/* End PBXFrameworksBuildPhase section */

/* Begin PBXGroup section */
		A3820F302475FC540049B63E = {
			isa = PBXGroup;
			children = (
				A3820F3B2475FC540049B63E /* Outatime */,
				A3820F3A2475FC540049B63E /* Products */,
			);
			sourceTree = "<group>";
		};
		A3820F3A2475FC540049B63E /* Products */ = {
			isa = PBXGroup;
			children = (
				A3820F392475FC540049B63E /* Outatime.app */,
			);
			name = Products;
			sourceTree = "<group>";
		};
		A3820F3B2475FC540049B63E /* Outatime */ = {
			isa = PBXGroup;
			children = (
				A3820F512475FC740049B63E /* resources */,
				A3820F522475FC7F0049B63E /* view controllers */,
				A3820F502475FC6A0049B63E /* storyboards */,
				A3820F4A2475FC550049B63E /* Info.plist */,
			);
			path = Outatime;
			sourceTree = "<group>";
		};
		A3820F502475FC6A0049B63E /* storyboards */ = {
			isa = PBXGroup;
			children = (
				A3820F422475FC540049B63E /* Main.storyboard */,
				A3820F472475FC550049B63E /* LaunchScreen.storyboard */,
			);
			path = storyboards;
			sourceTree = "<group>";
		};
		A3820F512475FC740049B63E /* resources */ = {
			isa = PBXGroup;
			children = (
				A3820F3C2475FC540049B63E /* AppDelegate.swift */,
				A3820F3E2475FC540049B63E /* SceneDelegate.swift */,
				A3820F452475FC550049B63E /* Assets.xcassets */,
				A3820F572475FDBA0049B63E /* digital-7.ttf */,
			);
			path = resources;
			sourceTree = "<group>";
		};
		A3820F522475FC7F0049B63E /* view controllers */ = {
			isa = PBXGroup;
			children = (
				A3820F552475FD260049B63E /* DatePickerViewController.swift */,
				A3820F532475FD100049B63E /* TimeCircuitsViewController.swift */,
			);
			path = "view controllers";
			sourceTree = "<group>";
		};
/* End PBXGroup section */

/* Begin PBXNativeTarget section */
		A3820F382475FC540049B63E /* Outatime */ = {
			isa = PBXNativeTarget;
			buildConfigurationList = A3820F4D2475FC550049B63E /* Build configuration list for PBXNativeTarget "Outatime" */;
			buildPhases = (
				A3820F352475FC540049B63E /* Sources */,
				A3820F362475FC540049B63E /* Frameworks */,
				A3820F372475FC540049B63E /* Resources */,
			);
			buildRules = (
			);
			dependencies = (
			);
			name = Outatime;
			productName = Outatime;
			productReference = A3820F392475FC540049B63E /* Outatime.app */;
			productType = "com.apple.product-type.application";
		};
/* End PBXNativeTarget section */

/* Begin PBXProject section */
		A3820F312475FC540049B63E /* Project object */ = {
			isa = PBXProject;
			attributes = {
				LastSwiftUpdateCheck = 1140;
				LastUpgradeCheck = 1140;
				ORGANIZATIONNAME = "Bryan Cress";
				TargetAttributes = {
					A3820F382475FC540049B63E = {
						CreatedOnToolsVersion = 11.4.1;
					};
				};
			};
			buildConfigurationList = A3820F342475FC540049B63E /* Build configuration list for PBXProject "Outatime" */;
			compatibilityVersion = "Xcode 9.3";
			developmentRegion = en;
			hasScannedForEncodings = 0;
			knownRegions = (
				en,
				Base,
			);
			mainGroup = A3820F302475FC540049B63E;
			productRefGroup = A3820F3A2475FC540049B63E /* Products */;
			projectDirPath = "";
			projectRoot = "";
			targets = (
				A3820F382475FC540049B63E /* Outatime */,
			);
		};
/* End PBXProject section */

/* Begin PBXResourcesBuildPhase section */
		A3820F372475FC540049B63E /* Resources */ = {
			isa = PBXResourcesBuildPhase;
			buildActionMask = 2147483647;
			files = (
				A3820F492475FC550049B63E /* LaunchScreen.storyboard in Resources */,
				A3820F462475FC550049B63E /* Assets.xcassets in Resources */,
				A3820F442475FC540049B63E /* Main.storyboard in Resources */,
				A3820F582475FDC70049B63E /* digital-7.ttf in Resources */,
			);
			runOnlyForDeploymentPostprocessing = 0;
		};
/* End PBXResourcesBuildPhase section */

/* Begin PBXSourcesBuildPhase section */
		A3820F352475FC540049B63E /* Sources */ = {
			isa = PBXSourcesBuildPhase;
			buildActionMask = 2147483647;
			files = (
				A3820F562475FD260049B63E /* DatePickerViewController.swift in Sources */,
				A3820F542475FD100049B63E /* TimeCircuitsViewController.swift in Sources */,
				A3820F3D2475FC540049B63E /* AppDelegate.swift in Sources */,
				A3820F3F2475FC540049B63E /* SceneDelegate.swift in Sources */,
			);
			runOnlyForDeploymentPostprocessing = 0;
		};
/* End PBXSourcesBuildPhase section */

/* Begin PBXVariantGroup section */
		A3820F422475FC540049B63E /* Main.storyboard */ = {
			isa = PBXVariantGroup;
			children = (
				A3820F432475FC540049B63E /* Base */,
			);
			name = Main.storyboard;
			sourceTree = "<group>";
		};
		A3820F472475FC550049B63E /* LaunchScreen.storyboard */ = {
			isa = PBXVariantGroup;
			children = (
				A3820F482475FC550049B63E /* Base */,
			);
			name = LaunchScreen.storyboard;
			sourceTree = "<group>";
		};
/* End PBXVariantGroup section */

/* Begin XCBuildConfiguration section */
		A3820F4B2475FC550049B63E /* Debug */ = {
			isa = XCBuildConfiguration;
			buildSettings = {
				ALWAYS_SEARCH_USER_PATHS = NO;
				CLANG_ANALYZER_NONNULL = YES;
				CLANG_ANALYZER_NUMBER_OBJECT_CONVERSION = YES_AGGRESSIVE;
				CLANG_CXX_LANGUAGE_STANDARD = "gnu++14";
				CLANG_CXX_LIBRARY = "libc++";
				CLANG_ENABLE_MODULES = YES;
				CLANG_ENABLE_OBJC_ARC = YES;
				CLANG_ENABLE_OBJC_WEAK = YES;
				CLANG_WARN_BLOCK_CAPTURE_AUTORELEASING = YES;
				CLANG_WARN_BOOL_CONVERSION = YES;
				CLANG_WARN_COMMA = YES;
				CLANG_WARN_CONSTANT_CONVERSION = YES;
				CLANG_WARN_DEPRECATED_OBJC_IMPLEMENTATIONS = YES;
				CLANG_WARN_DIRECT_OBJC_ISA_USAGE = YES_ERROR;
				CLANG_WARN_DOCUMENTATION_COMMENTS = YES;
				CLANG_WARN_EMPTY_BODY = YES;
				CLANG_WARN_ENUM_CONVERSION = YES;
				CLANG_WARN_INFINITE_RECURSION = YES;
				CLANG_WARN_INT_CONVERSION = YES;
				CLANG_WARN_NON_LITERAL_NULL_CONVERSION = YES;
				CLANG_WARN_OBJC_IMPLICIT_RETAIN_SELF = YES;
				CLANG_WARN_OBJC_LITERAL_CONVERSION = YES;
				CLANG_WARN_OBJC_ROOT_CLASS = YES_ERROR;
				CLANG_WARN_RANGE_LOOP_ANALYSIS = YES;
				CLANG_WARN_STRICT_PROTOTYPES = YES;
				CLANG_WARN_SUSPICIOUS_MOVE = YES;
				CLANG_WARN_UNGUARDED_AVAILABILITY = YES_AGGRESSIVE;
				CLANG_WARN_UNREACHABLE_CODE = YES;
				CLANG_WARN__DUPLICATE_METHOD_MATCH = YES;
				COPY_PHASE_STRIP = NO;
				DEBUG_INFORMATION_FORMAT = dwarf;
				ENABLE_STRICT_OBJC_MSGSEND = YES;
				ENABLE_TESTABILITY = YES;
				GCC_C_LANGUAGE_STANDARD = gnu11;
				GCC_DYNAMIC_NO_PIC = NO;
				GCC_NO_COMMON_BLOCKS = YES;
				GCC_OPTIMIZATION_LEVEL = 0;
				GCC_PREPROCESSOR_DEFINITIONS = (
					"DEBUG=1",
					"$(inherited)",
				);
				GCC_WARN_64_TO_32_BIT_CONVERSION = YES;
				GCC_WARN_ABOUT_RETURN_TYPE = YES_ERROR;
				GCC_WARN_UNDECLARED_SELECTOR = YES;
				GCC_WARN_UNINITIALIZED_AUTOS = YES_AGGRESSIVE;
				GCC_WARN_UNUSED_FUNCTION = YES;
				GCC_WARN_UNUSED_VARIABLE = YES;
				IPHONEOS_DEPLOYMENT_TARGET = 13.4;
				MTL_ENABLE_DEBUG_INFO = INCLUDE_SOURCE;
				MTL_FAST_MATH = YES;
				ONLY_ACTIVE_ARCH = YES;
				SDKROOT = iphoneos;
				SWIFT_ACTIVE_COMPILATION_CONDITIONS = DEBUG;
				SWIFT_OPTIMIZATION_LEVEL = "-Onone";
			};
			name = Debug;
		};
		A3820F4C2475FC550049B63E /* Release */ = {
			isa = XCBuildConfiguration;
			buildSettings = {
				ALWAYS_SEARCH_USER_PATHS = NO;
				CLANG_ANALYZER_NONNULL = YES;
				CLANG_ANALYZER_NUMBER_OBJECT_CONVERSION = YES_AGGRESSIVE;
				CLANG_CXX_LANGUAGE_STANDARD = "gnu++14";
				CLANG_CXX_LIBRARY = "libc++";
				CLANG_ENABLE_MODULES = YES;
				CLANG_ENABLE_OBJC_ARC = YES;
				CLANG_ENABLE_OBJC_WEAK = YES;
				CLANG_WARN_BLOCK_CAPTURE_AUTORELEASING = YES;
				CLANG_WARN_BOOL_CONVERSION = YES;
				CLANG_WARN_COMMA = YES;
				CLANG_WARN_CONSTANT_CONVERSION = YES;
				CLANG_WARN_DEPRECATED_OBJC_IMPLEMENTATIONS = YES;
				CLANG_WARN_DIRECT_OBJC_ISA_USAGE = YES_ERROR;
				CLANG_WARN_DOCUMENTATION_COMMENTS = YES;
				CLANG_WARN_EMPTY_BODY = YES;
				CLANG_WARN_ENUM_CONVERSION = YES;
				CLANG_WARN_INFINITE_RECURSION = YES;
				CLANG_WARN_INT_CONVERSION = YES;
				CLANG_WARN_NON_LITERAL_NULL_CONVERSION = YES;
				CLANG_WARN_OBJC_IMPLICIT_RETAIN_SELF = YES;
				CLANG_WARN_OBJC_LITERAL_CONVERSION = YES;
				CLANG_WARN_OBJC_ROOT_CLASS = YES_ERROR;
				CLANG_WARN_RANGE_LOOP_ANALYSIS = YES;
				CLANG_WARN_STRICT_PROTOTYPES = YES;
				CLANG_WARN_SUSPICIOUS_MOVE = YES;
				CLANG_WARN_UNGUARDED_AVAILABILITY = YES_AGGRESSIVE;
				CLANG_WARN_UNREACHABLE_CODE = YES;
				CLANG_WARN__DUPLICATE_METHOD_MATCH = YES;
				COPY_PHASE_STRIP = NO;
				DEBUG_INFORMATION_FORMAT = "dwarf-with-dsym";
				ENABLE_NS_ASSERTIONS = NO;
				ENABLE_STRICT_OBJC_MSGSEND = YES;
				GCC_C_LANGUAGE_STANDARD = gnu11;
				GCC_NO_COMMON_BLOCKS = YES;
				GCC_WARN_64_TO_32_BIT_CONVERSION = YES;
				GCC_WARN_ABOUT_RETURN_TYPE = YES_ERROR;
				GCC_WARN_UNDECLARED_SELECTOR = YES;
				GCC_WARN_UNINITIALIZED_AUTOS = YES_AGGRESSIVE;
				GCC_WARN_UNUSED_FUNCTION = YES;
				GCC_WARN_UNUSED_VARIABLE = YES;
				IPHONEOS_DEPLOYMENT_TARGET = 13.4;
				MTL_ENABLE_DEBUG_INFO = NO;
				MTL_FAST_MATH = YES;
				SDKROOT = iphoneos;
				SWIFT_COMPILATION_MODE = wholemodule;
				SWIFT_OPTIMIZATION_LEVEL = "-O";
				VALIDATE_PRODUCT = YES;
			};
			name = Release;
		};
		A3820F4E2475FC550049B63E /* Debug */ = {
			isa = XCBuildConfiguration;
			buildSettings = {
				ASSETCATALOG_COMPILER_APPICON_NAME = AppIcon;
				CODE_SIGN_STYLE = Automatic;
				DEVELOPMENT_TEAM = UCFMQ7N9FN;
				INFOPLIST_FILE = Outatime/Info.plist;
				LD_RUNPATH_SEARCH_PATHS = (
					"$(inherited)",
					"@executable_path/Frameworks",
				);
				PRODUCT_BUNDLE_IDENTIFIER = com.BryanCress.Outatime;
				PRODUCT_NAME = "$(TARGET_NAME)";
				SWIFT_VERSION = 5.0;
				TARGETED_DEVICE_FAMILY = "1,2";
			};
			name = Debug;
		};
		A3820F4F2475FC550049B63E /* Release */ = {
			isa = XCBuildConfiguration;
			buildSettings = {
				ASSETCATALOG_COMPILER_APPICON_NAME = AppIcon;
				CODE_SIGN_STYLE = Automatic;
				DEVELOPMENT_TEAM = UCFMQ7N9FN;
				INFOPLIST_FILE = Outatime/Info.plist;
				LD_RUNPATH_SEARCH_PATHS = (
					"$(inherited)",
					"@executable_path/Frameworks",
				);
				PRODUCT_BUNDLE_IDENTIFIER = com.BryanCress.Outatime;
				PRODUCT_NAME = "$(TARGET_NAME)";
				SWIFT_VERSION = 5.0;
				TARGETED_DEVICE_FAMILY = "1,2";
			};
			name = Release;
		};
/* End XCBuildConfiguration section */

/* Begin XCConfigurationList section */
		A3820F342475FC540049B63E /* Build configuration list for PBXProject "Outatime" */ = {
			isa = XCConfigurationList;
			buildConfigurations = (
				A3820F4B2475FC550049B63E /* Debug */,
				A3820F4C2475FC550049B63E /* Release */,
			);
			defaultConfigurationIsVisible = 0;
			defaultConfigurationName = Release;
		};
		A3820F4D2475FC550049B63E /* Build configuration list for PBXNativeTarget "Outatime" */ = {
			isa = XCConfigurationList;
			buildConfigurations = (
				A3820F4E2475FC550049B63E /* Debug */,
				A3820F4F2475FC550049B63E /* Release */,
			);
			defaultConfigurationIsVisible = 0;
			defaultConfigurationName = Release;
		};
/* End XCConfigurationList section */
	};
	rootObject = A3820F312475FC540049B63E /* Project object */;
}
