// !$*UTF8*$!
{
	archiveVersion = 1;
	classes = {
	};
	objectVersion = 50;
	objects = {

/* Begin PBXBuildFile section */
		E3A979FE2302F95B00FE26E0 /* AppDelegate.swift in Sources */ = {isa = PBXBuildFile; fileRef = E3A979FD2302F95B00FE26E0 /* AppDelegate.swift */; };
		E3A97A032302F95B00FE26E0 /* Main.storyboard in Resources */ = {isa = PBXBuildFile; fileRef = E3A97A012302F95B00FE26E0 /* Main.storyboard */; };
		E3A97A052302F95C00FE26E0 /* Assets.xcassets in Resources */ = {isa = PBXBuildFile; fileRef = E3A97A042302F95C00FE26E0 /* Assets.xcassets */; };
		E3A97A082302F95C00FE26E0 /* LaunchScreen.storyboard in Resources */ = {isa = PBXBuildFile; fileRef = E3A97A062302F95C00FE26E0 /* LaunchScreen.storyboard */; };
		E3A97A102302FABB00FE26E0 /* TimeCircuitsViewController.swift in Sources */ = {isa = PBXBuildFile; fileRef = E3A97A0F2302FABB00FE26E0 /* TimeCircuitsViewController.swift */; };
		E3A97A122302FAFA00FE26E0 /* DatePickerViewController.swift in Sources */ = {isa = PBXBuildFile; fileRef = E3A97A112302FAFA00FE26E0 /* DatePickerViewController.swift */; };
/* End PBXBuildFile section */

/* Begin PBXFileReference section */
		E3A979FA2302F95B00FE26E0 /* OutaTime.app */ = {isa = PBXFileReference; explicitFileType = wrapper.application; includeInIndex = 0; path = OutaTime.app; sourceTree = BUILT_PRODUCTS_DIR; };
		E3A979FD2302F95B00FE26E0 /* AppDelegate.swift */ = {isa = PBXFileReference; lastKnownFileType = sourcecode.swift; path = AppDelegate.swift; sourceTree = "<group>"; };
		E3A97A022302F95B00FE26E0 /* Base */ = {isa = PBXFileReference; lastKnownFileType = file.storyboard; name = Base; path = Base.lproj/Main.storyboard; sourceTree = "<group>"; };
		E3A97A042302F95C00FE26E0 /* Assets.xcassets */ = {isa = PBXFileReference; lastKnownFileType = folder.assetcatalog; path = Assets.xcassets; sourceTree = "<group>"; };
		E3A97A072302F95C00FE26E0 /* Base */ = {isa = PBXFileReference; lastKnownFileType = file.storyboard; name = Base; path = Base.lproj/LaunchScreen.storyboard; sourceTree = "<group>"; };
		E3A97A092302F95C00FE26E0 /* Info.plist */ = {isa = PBXFileReference; lastKnownFileType = text.plist.xml; path = Info.plist; sourceTree = "<group>"; };
		E3A97A0F2302FABB00FE26E0 /* TimeCircuitsViewController.swift */ = {isa = PBXFileReference; lastKnownFileType = sourcecode.swift; path = TimeCircuitsViewController.swift; sourceTree = "<group>"; };
		E3A97A112302FAFA00FE26E0 /* DatePickerViewController.swift */ = {isa = PBXFileReference; lastKnownFileType = sourcecode.swift; path = DatePickerViewController.swift; sourceTree = "<group>"; };
		E3A97A132303000700FE26E0 /* digital-7.ttf */ = {isa = PBXFileReference; lastKnownFileType = file; name = "digital-7.ttf"; path = "../../digital-7.ttf"; sourceTree = "<group>"; };
/* End PBXFileReference section */

/* Begin PBXFrameworksBuildPhase section */
		E3A979F72302F95B00FE26E0 /* Frameworks */ = {
			isa = PBXFrameworksBuildPhase;
			buildActionMask = 2147483647;
			files = (
			);
			runOnlyForDeploymentPostprocessing = 0;
		};
/* End PBXFrameworksBuildPhase section */

/* Begin PBXGroup section */
		E3A979F12302F95B00FE26E0 = {
			isa = PBXGroup;
			children = (
				E3A979FC2302F95B00FE26E0 /* OutaTime */,
				E3A979FB2302F95B00FE26E0 /* Products */,
			);
			sourceTree = "<group>";
		};
		E3A979FB2302F95B00FE26E0 /* Products */ = {
			isa = PBXGroup;
			children = (
				E3A979FA2302F95B00FE26E0 /* OutaTime.app */,
			);
			name = Products;
			sourceTree = "<group>";
		};
		E3A979FC2302F95B00FE26E0 /* OutaTime */ = {
			isa = PBXGroup;
			children = (
				E3A979FD2302F95B00FE26E0 /* AppDelegate.swift */,
				E3A97A0F2302FABB00FE26E0 /* TimeCircuitsViewController.swift */,
				E3A97A012302F95B00FE26E0 /* Main.storyboard */,
				E3A97A042302F95C00FE26E0 /* Assets.xcassets */,
				E3A97A062302F95C00FE26E0 /* LaunchScreen.storyboard */,
				E3A97A092302F95C00FE26E0 /* Info.plist */,
				E3A97A112302FAFA00FE26E0 /* DatePickerViewController.swift */,
				E3A97A132303000700FE26E0 /* digital-7.ttf */,
			);
			path = OutaTime;
			sourceTree = "<group>";
		};
/* End PBXGroup section */

/* Begin PBXNativeTarget section */
		E3A979F92302F95B00FE26E0 /* OutaTime */ = {
			isa = PBXNativeTarget;
			buildConfigurationList = E3A97A0C2302F95C00FE26E0 /* Build configuration list for PBXNativeTarget "OutaTime" */;
			buildPhases = (
				E3A979F62302F95B00FE26E0 /* Sources */,
				E3A979F72302F95B00FE26E0 /* Frameworks */,
				E3A979F82302F95B00FE26E0 /* Resources */,
			);
			buildRules = (
			);
			dependencies = (
			);
			name = OutaTime;
			productName = OutaTime;
			productReference = E3A979FA2302F95B00FE26E0 /* OutaTime.app */;
			productType = "com.apple.product-type.application";
		};
/* End PBXNativeTarget section */

/* Begin PBXProject section */
		E3A979F22302F95B00FE26E0 /* Project object */ = {
			isa = PBXProject;
			attributes = {
				LastSwiftUpdateCheck = 1030;
				LastUpgradeCheck = 1030;
				ORGANIZATIONNAME = "Vici Shaweddy";
				TargetAttributes = {
					E3A979F92302F95B00FE26E0 = {
						CreatedOnToolsVersion = 10.3;
					};
				};
			};
			buildConfigurationList = E3A979F52302F95B00FE26E0 /* Build configuration list for PBXProject "OutaTime" */;
			compatibilityVersion = "Xcode 9.3";
			developmentRegion = en;
			hasScannedForEncodings = 0;
			knownRegions = (
				en,
				Base,
			);
			mainGroup = E3A979F12302F95B00FE26E0;
			productRefGroup = E3A979FB2302F95B00FE26E0 /* Products */;
			projectDirPath = "";
			projectRoot = "";
			targets = (
				E3A979F92302F95B00FE26E0 /* OutaTime */,
			);
		};
/* End PBXProject section */

/* Begin PBXResourcesBuildPhase section */
		E3A979F82302F95B00FE26E0 /* Resources */ = {
			isa = PBXResourcesBuildPhase;
			buildActionMask = 2147483647;
			files = (
				E3A97A082302F95C00FE26E0 /* LaunchScreen.storyboard in Resources */,
				E3A97A052302F95C00FE26E0 /* Assets.xcassets in Resources */,
				E3A97A032302F95B00FE26E0 /* Main.storyboard in Resources */,
			);
			runOnlyForDeploymentPostprocessing = 0;
		};
/* End PBXResourcesBuildPhase section */

/* Begin PBXSourcesBuildPhase section */
		E3A979F62302F95B00FE26E0 /* Sources */ = {
			isa = PBXSourcesBuildPhase;
			buildActionMask = 2147483647;
			files = (
				E3A97A122302FAFA00FE26E0 /* DatePickerViewController.swift in Sources */,
				E3A97A102302FABB00FE26E0 /* TimeCircuitsViewController.swift in Sources */,
				E3A979FE2302F95B00FE26E0 /* AppDelegate.swift in Sources */,
			);
			runOnlyForDeploymentPostprocessing = 0;
		};
/* End PBXSourcesBuildPhase section */

/* Begin PBXVariantGroup section */
		E3A97A012302F95B00FE26E0 /* Main.storyboard */ = {
			isa = PBXVariantGroup;
			children = (
				E3A97A022302F95B00FE26E0 /* Base */,
			);
			name = Main.storyboard;
			sourceTree = "<group>";
		};
		E3A97A062302F95C00FE26E0 /* LaunchScreen.storyboard */ = {
			isa = PBXVariantGroup;
			children = (
				E3A97A072302F95C00FE26E0 /* Base */,
			);
			name = LaunchScreen.storyboard;
			sourceTree = "<group>";
		};
/* End PBXVariantGroup section */

/* Begin XCBuildConfiguration section */
		E3A97A0A2302F95C00FE26E0 /* Debug */ = {
			isa = XCBuildConfiguration;
			buildSettings = {
				ALWAYS_SEARCH_USER_PATHS = NO;
				CLANG_ANALYZER_NONNULL = YES;
				CLANG_ANALYZER_NUMBER_OBJECT_CONVERSION = YES_AGGRESSIVE;
				CLANG_CXX_LANGUAGE_STANDARD = "gnu++14";
				CLANG_CXX_LIBRARY = "libc++";
				CLANG_ENABLE_MODULES = YES;
				CLANG_ENABLE_OBJC_ARC = YES;
				CLANG_ENABLE_OBJC_WEAK = YES;
				CLANG_WARN_BLOCK_CAPTURE_AUTORELEASING = YES;
				CLANG_WARN_BOOL_CONVERSION = YES;
				CLANG_WARN_COMMA = YES;
				CLANG_WARN_CONSTANT_CONVERSION = YES;
				CLANG_WARN_DEPRECATED_OBJC_IMPLEMENTATIONS = YES;
				CLANG_WARN_DIRECT_OBJC_ISA_USAGE = YES_ERROR;
				CLANG_WARN_DOCUMENTATION_COMMENTS = YES;
				CLANG_WARN_EMPTY_BODY = YES;
				CLANG_WARN_ENUM_CONVERSION = YES;
				CLANG_WARN_INFINITE_RECURSION = YES;
				CLANG_WARN_INT_CONVERSION = YES;
				CLANG_WARN_NON_LITERAL_NULL_CONVERSION = YES;
				CLANG_WARN_OBJC_IMPLICIT_RETAIN_SELF = YES;
				CLANG_WARN_OBJC_LITERAL_CONVERSION = YES;
				CLANG_WARN_OBJC_ROOT_CLASS = YES_ERROR;
				CLANG_WARN_RANGE_LOOP_ANALYSIS = YES;
				CLANG_WARN_STRICT_PROTOTYPES = YES;
				CLANG_WARN_SUSPICIOUS_MOVE = YES;
				CLANG_WARN_UNGUARDED_AVAILABILITY = YES_AGGRESSIVE;
				CLANG_WARN_UNREACHABLE_CODE = YES;
				CLANG_WARN__DUPLICATE_METHOD_MATCH = YES;
				CODE_SIGN_IDENTITY = "iPhone Developer";
				COPY_PHASE_STRIP = NO;
				DEBUG_INFORMATION_FORMAT = dwarf;
				ENABLE_STRICT_OBJC_MSGSEND = YES;
				ENABLE_TESTABILITY = YES;
				GCC_C_LANGUAGE_STANDARD = gnu11;
				GCC_DYNAMIC_NO_PIC = NO;
				GCC_NO_COMMON_BLOCKS = YES;
				GCC_OPTIMIZATION_LEVEL = 0;
				GCC_PREPROCESSOR_DEFINITIONS = (
					"DEBUG=1",
					"$(inherited)",
				);
				GCC_WARN_64_TO_32_BIT_CONVERSION = YES;
				GCC_WARN_ABOUT_RETURN_TYPE = YES_ERROR;
				GCC_WARN_UNDECLARED_SELECTOR = YES;
				GCC_WARN_UNINITIALIZED_AUTOS = YES_AGGRESSIVE;
				GCC_WARN_UNUSED_FUNCTION = YES;
				GCC_WARN_UNUSED_VARIABLE = YES;
				IPHONEOS_DEPLOYMENT_TARGET = 12.4;
				MTL_ENABLE_DEBUG_INFO = INCLUDE_SOURCE;
				MTL_FAST_MATH = YES;
				ONLY_ACTIVE_ARCH = YES;
				SDKROOT = iphoneos;
				SWIFT_ACTIVE_COMPILATION_CONDITIONS = DEBUG;
				SWIFT_OPTIMIZATION_LEVEL = "-Onone";
			};
			name = Debug;
		};
		E3A97A0B2302F95C00FE26E0 /* Release */ = {
			isa = XCBuildConfiguration;
			buildSettings = {
				ALWAYS_SEARCH_USER_PATHS = NO;
				CLANG_ANALYZER_NONNULL = YES;
				CLANG_ANALYZER_NUMBER_OBJECT_CONVERSION = YES_AGGRESSIVE;
				CLANG_CXX_LANGUAGE_STANDARD = "gnu++14";
				CLANG_CXX_LIBRARY = "libc++";
				CLANG_ENABLE_MODULES = YES;
				CLANG_ENABLE_OBJC_ARC = YES;
				CLANG_ENABLE_OBJC_WEAK = YES;
				CLANG_WARN_BLOCK_CAPTURE_AUTORELEASING = YES;
				CLANG_WARN_BOOL_CONVERSION = YES;
				CLANG_WARN_COMMA = YES;
				CLANG_WARN_CONSTANT_CONVERSION = YES;
				CLANG_WARN_DEPRECATED_OBJC_IMPLEMENTATIONS = YES;
				CLANG_WARN_DIRECT_OBJC_ISA_USAGE = YES_ERROR;
				CLANG_WARN_DOCUMENTATION_COMMENTS = YES;
				CLANG_WARN_EMPTY_BODY = YES;
				CLANG_WARN_ENUM_CONVERSION = YES;
				CLANG_WARN_INFINITE_RECURSION = YES;
				CLANG_WARN_INT_CONVERSION = YES;
				CLANG_WARN_NON_LITERAL_NULL_CONVERSION = YES;
				CLANG_WARN_OBJC_IMPLICIT_RETAIN_SELF = YES;
				CLANG_WARN_OBJC_LITERAL_CONVERSION = YES;
				CLANG_WARN_OBJC_ROOT_CLASS = YES_ERROR;
				CLANG_WARN_RANGE_LOOP_ANALYSIS = YES;
				CLANG_WARN_STRICT_PROTOTYPES = YES;
				CLANG_WARN_SUSPICIOUS_MOVE = YES;
				CLANG_WARN_UNGUARDED_AVAILABILITY = YES_AGGRESSIVE;
				CLANG_WARN_UNREACHABLE_CODE = YES;
				CLANG_WARN__DUPLICATE_METHOD_MATCH = YES;
				CODE_SIGN_IDENTITY = "iPhone Developer";
				COPY_PHASE_STRIP = NO;
				DEBUG_INFORMATION_FORMAT = "dwarf-with-dsym";
				ENABLE_NS_ASSERTIONS = NO;
				ENABLE_STRICT_OBJC_MSGSEND = YES;
				GCC_C_LANGUAGE_STANDARD = gnu11;
				GCC_NO_COMMON_BLOCKS = YES;
				GCC_WARN_64_TO_32_BIT_CONVERSION = YES;
				GCC_WARN_ABOUT_RETURN_TYPE = YES_ERROR;
				GCC_WARN_UNDECLARED_SELECTOR = YES;
				GCC_WARN_UNINITIALIZED_AUTOS = YES_AGGRESSIVE;
				GCC_WARN_UNUSED_FUNCTION = YES;
				GCC_WARN_UNUSED_VARIABLE = YES;
				IPHONEOS_DEPLOYMENT_TARGET = 12.4;
				MTL_ENABLE_DEBUG_INFO = NO;
				MTL_FAST_MATH = YES;
				SDKROOT = iphoneos;
				SWIFT_COMPILATION_MODE = wholemodule;
				SWIFT_OPTIMIZATION_LEVEL = "-O";
				VALIDATE_PRODUCT = YES;
			};
			name = Release;
		};
		E3A97A0D2302F95C00FE26E0 /* Debug */ = {
			isa = XCBuildConfiguration;
			buildSettings = {
				ASSETCATALOG_COMPILER_APPICON_NAME = AppIcon;
				CODE_SIGN_STYLE = Automatic;
				DEVELOPMENT_TEAM = ZYPH2NW7MY;
				INFOPLIST_FILE = OutaTime/Info.plist;
				LD_RUNPATH_SEARCH_PATHS = (
					"$(inherited)",
					"@executable_path/Frameworks",
				);
				PRODUCT_BUNDLE_IDENTIFIER = com.vicishaweddy.OutaTime;
				PRODUCT_NAME = "$(TARGET_NAME)";
				SWIFT_VERSION = 5.0;
				TARGETED_DEVICE_FAMILY = "1,2";
			};
			name = Debug;
		};
		E3A97A0E2302F95C00FE26E0 /* Release */ = {
			isa = XCBuildConfiguration;
			buildSettings = {
				ASSETCATALOG_COMPILER_APPICON_NAME = AppIcon;
				CODE_SIGN_STYLE = Automatic;
				DEVELOPMENT_TEAM = ZYPH2NW7MY;
				INFOPLIST_FILE = OutaTime/Info.plist;
				LD_RUNPATH_SEARCH_PATHS = (
					"$(inherited)",
					"@executable_path/Frameworks",
				);
				PRODUCT_BUNDLE_IDENTIFIER = com.vicishaweddy.OutaTime;
				PRODUCT_NAME = "$(TARGET_NAME)";
				SWIFT_VERSION = 5.0;
				TARGETED_DEVICE_FAMILY = "1,2";
			};
			name = Release;
		};
/* End XCBuildConfiguration section */

/* Begin XCConfigurationList section */
		E3A979F52302F95B00FE26E0 /* Build configuration list for PBXProject "OutaTime" */ = {
			isa = XCConfigurationList;
			buildConfigurations = (
				E3A97A0A2302F95C00FE26E0 /* Debug */,
				E3A97A0B2302F95C00FE26E0 /* Release */,
			);
			defaultConfigurationIsVisible = 0;
			defaultConfigurationName = Release;
		};
		E3A97A0C2302F95C00FE26E0 /* Build configuration list for PBXNativeTarget "OutaTime" */ = {
			isa = XCConfigurationList;
			buildConfigurations = (
				E3A97A0D2302F95C00FE26E0 /* Debug */,
				E3A97A0E2302F95C00FE26E0 /* Release */,
			);
			defaultConfigurationIsVisible = 0;
			defaultConfigurationName = Release;
		};
/* End XCConfigurationList section */
	};
	rootObject = E3A979F22302F95B00FE26E0 /* Project object */;
}
