// !$*UTF8*$!
{
	archiveVersion = 1;
	classes = {
	};
	objectVersion = 50;
	objects = {

/* Begin PBXBuildFile section */
		92309ACF23FCD208007AB1D1 /* AppDelegate.swift in Sources */ = {isa = PBXBuildFile; fileRef = 92309ACE23FCD208007AB1D1 /* AppDelegate.swift */; };
		92309AD123FCD208007AB1D1 /* SceneDelegate.swift in Sources */ = {isa = PBXBuildFile; fileRef = 92309AD023FCD208007AB1D1 /* SceneDelegate.swift */; };
		92309AD623FCD208007AB1D1 /* Main.storyboard in Resources */ = {isa = PBXBuildFile; fileRef = 92309AD423FCD208007AB1D1 /* Main.storyboard */; };
		92309AD823FCD209007AB1D1 /* Assets.xcassets in Resources */ = {isa = PBXBuildFile; fileRef = 92309AD723FCD209007AB1D1 /* Assets.xcassets */; };
		92309ADB23FCD209007AB1D1 /* LaunchScreen.storyboard in Resources */ = {isa = PBXBuildFile; fileRef = 92309AD923FCD209007AB1D1 /* LaunchScreen.storyboard */; };
		92309AE323FCD2AF007AB1D1 /* TimeCircuitsViewController.swift in Sources */ = {isa = PBXBuildFile; fileRef = 92309AE223FCD2AF007AB1D1 /* TimeCircuitsViewController.swift */; };
		92309AE523FCD2DA007AB1D1 /* DatePickerViewController.swift in Sources */ = {isa = PBXBuildFile; fileRef = 92309AE423FCD2DA007AB1D1 /* DatePickerViewController.swift */; };
		92309AE723FCE2BE007AB1D1 /* Countdown.swift in Sources */ = {isa = PBXBuildFile; fileRef = 92309AE623FCE2BE007AB1D1 /* Countdown.swift */; };
/* End PBXBuildFile section */

/* Begin PBXFileReference section */
		92309ACB23FCD208007AB1D1 /* OutaTime.app */ = {isa = PBXFileReference; explicitFileType = wrapper.application; includeInIndex = 0; path = OutaTime.app; sourceTree = BUILT_PRODUCTS_DIR; };
		92309ACE23FCD208007AB1D1 /* AppDelegate.swift */ = {isa = PBXFileReference; lastKnownFileType = sourcecode.swift; path = AppDelegate.swift; sourceTree = "<group>"; };
		92309AD023FCD208007AB1D1 /* SceneDelegate.swift */ = {isa = PBXFileReference; lastKnownFileType = sourcecode.swift; path = SceneDelegate.swift; sourceTree = "<group>"; };
		92309AD523FCD208007AB1D1 /* Base */ = {isa = PBXFileReference; lastKnownFileType = file.storyboard; name = Base; path = Base.lproj/Main.storyboard; sourceTree = "<group>"; };
		92309AD723FCD209007AB1D1 /* Assets.xcassets */ = {isa = PBXFileReference; lastKnownFileType = folder.assetcatalog; path = Assets.xcassets; sourceTree = "<group>"; };
		92309ADA23FCD209007AB1D1 /* Base */ = {isa = PBXFileReference; lastKnownFileType = file.storyboard; name = Base; path = Base.lproj/LaunchScreen.storyboard; sourceTree = "<group>"; };
		92309ADC23FCD209007AB1D1 /* Info.plist */ = {isa = PBXFileReference; lastKnownFileType = text.plist.xml; path = Info.plist; sourceTree = "<group>"; };
		92309AE223FCD2AF007AB1D1 /* TimeCircuitsViewController.swift */ = {isa = PBXFileReference; lastKnownFileType = sourcecode.swift; path = TimeCircuitsViewController.swift; sourceTree = "<group>"; };
		92309AE423FCD2DA007AB1D1 /* DatePickerViewController.swift */ = {isa = PBXFileReference; lastKnownFileType = sourcecode.swift; path = DatePickerViewController.swift; sourceTree = "<group>"; };
		92309AE623FCE2BE007AB1D1 /* Countdown.swift */ = {isa = PBXFileReference; lastKnownFileType = sourcecode.swift; path = Countdown.swift; sourceTree = "<group>"; };
/* End PBXFileReference section */

/* Begin PBXFrameworksBuildPhase section */
		92309AC823FCD208007AB1D1 /* Frameworks */ = {
			isa = PBXFrameworksBuildPhase;
			buildActionMask = 2147483647;
			files = (
			);
			runOnlyForDeploymentPostprocessing = 0;
		};
/* End PBXFrameworksBuildPhase section */

/* Begin PBXGroup section */
		92309AC223FCD208007AB1D1 = {
			isa = PBXGroup;
			children = (
				92309ACD23FCD208007AB1D1 /* OutaTime */,
				92309ACC23FCD208007AB1D1 /* Products */,
			);
			sourceTree = "<group>";
		};
		92309ACC23FCD208007AB1D1 /* Products */ = {
			isa = PBXGroup;
			children = (
				92309ACB23FCD208007AB1D1 /* OutaTime.app */,
			);
			name = Products;
			sourceTree = "<group>";
		};
		92309ACD23FCD208007AB1D1 /* OutaTime */ = {
			isa = PBXGroup;
			children = (
				92309ACE23FCD208007AB1D1 /* AppDelegate.swift */,
				92309AD023FCD208007AB1D1 /* SceneDelegate.swift */,
				92309AD423FCD208007AB1D1 /* Main.storyboard */,
				92309AD723FCD209007AB1D1 /* Assets.xcassets */,
				92309AD923FCD209007AB1D1 /* LaunchScreen.storyboard */,
				92309ADC23FCD209007AB1D1 /* Info.plist */,
				92309AE223FCD2AF007AB1D1 /* TimeCircuitsViewController.swift */,
				92309AE423FCD2DA007AB1D1 /* DatePickerViewController.swift */,
				92309AE623FCE2BE007AB1D1 /* Countdown.swift */,
			);
			path = OutaTime;
			sourceTree = "<group>";
		};
/* End PBXGroup section */

/* Begin PBXNativeTarget section */
		92309ACA23FCD208007AB1D1 /* OutaTime */ = {
			isa = PBXNativeTarget;
			buildConfigurationList = 92309ADF23FCD209007AB1D1 /* Build configuration list for PBXNativeTarget "OutaTime" */;
			buildPhases = (
				92309AC723FCD208007AB1D1 /* Sources */,
				92309AC823FCD208007AB1D1 /* Frameworks */,
				92309AC923FCD208007AB1D1 /* Resources */,
			);
			buildRules = (
			);
			dependencies = (
			);
			name = OutaTime;
			productName = OutaTime;
			productReference = 92309ACB23FCD208007AB1D1 /* OutaTime.app */;
			productType = "com.apple.product-type.application";
		};
/* End PBXNativeTarget section */

/* Begin PBXProject section */
		92309AC323FCD208007AB1D1 /* Project object */ = {
			isa = PBXProject;
			attributes = {
				LastSwiftUpdateCheck = 1130;
				LastUpgradeCheck = 1130;
				ORGANIZATIONNAME = Lambda_School_Loaner_241;
				TargetAttributes = {
					92309ACA23FCD208007AB1D1 = {
						CreatedOnToolsVersion = 11.3.1;
					};
				};
			};
			buildConfigurationList = 92309AC623FCD208007AB1D1 /* Build configuration list for PBXProject "OutaTime" */;
			compatibilityVersion = "Xcode 9.3";
			developmentRegion = en;
			hasScannedForEncodings = 0;
			knownRegions = (
				en,
				Base,
			);
			mainGroup = 92309AC223FCD208007AB1D1;
			productRefGroup = 92309ACC23FCD208007AB1D1 /* Products */;
			projectDirPath = "";
			projectRoot = "";
			targets = (
				92309ACA23FCD208007AB1D1 /* OutaTime */,
			);
		};
/* End PBXProject section */

/* Begin PBXResourcesBuildPhase section */
		92309AC923FCD208007AB1D1 /* Resources */ = {
			isa = PBXResourcesBuildPhase;
			buildActionMask = 2147483647;
			files = (
				92309ADB23FCD209007AB1D1 /* LaunchScreen.storyboard in Resources */,
				92309AD823FCD209007AB1D1 /* Assets.xcassets in Resources */,
				92309AD623FCD208007AB1D1 /* Main.storyboard in Resources */,
			);
			runOnlyForDeploymentPostprocessing = 0;
		};
/* End PBXResourcesBuildPhase section */

/* Begin PBXSourcesBuildPhase section */
		92309AC723FCD208007AB1D1 /* Sources */ = {
			isa = PBXSourcesBuildPhase;
			buildActionMask = 2147483647;
			files = (
				92309AE523FCD2DA007AB1D1 /* DatePickerViewController.swift in Sources */,
				92309ACF23FCD208007AB1D1 /* AppDelegate.swift in Sources */,
				92309AE323FCD2AF007AB1D1 /* TimeCircuitsViewController.swift in Sources */,
				92309AD123FCD208007AB1D1 /* SceneDelegate.swift in Sources */,
				92309AE723FCE2BE007AB1D1 /* Countdown.swift in Sources */,
			);
			runOnlyForDeploymentPostprocessing = 0;
		};
/* End PBXSourcesBuildPhase section */

/* Begin PBXVariantGroup section */
		92309AD423FCD208007AB1D1 /* Main.storyboard */ = {
			isa = PBXVariantGroup;
			children = (
				92309AD523FCD208007AB1D1 /* Base */,
			);
			name = Main.storyboard;
			sourceTree = "<group>";
		};
		92309AD923FCD209007AB1D1 /* LaunchScreen.storyboard */ = {
			isa = PBXVariantGroup;
			children = (
				92309ADA23FCD209007AB1D1 /* Base */,
			);
			name = LaunchScreen.storyboard;
			sourceTree = "<group>";
		};
/* End PBXVariantGroup section */

/* Begin XCBuildConfiguration section */
		92309ADD23FCD209007AB1D1 /* Debug */ = {
			isa = XCBuildConfiguration;
			buildSettings = {
				ALWAYS_SEARCH_USER_PATHS = NO;
				CLANG_ANALYZER_NONNULL = YES;
				CLANG_ANALYZER_NUMBER_OBJECT_CONVERSION = YES_AGGRESSIVE;
				CLANG_CXX_LANGUAGE_STANDARD = "gnu++14";
				CLANG_CXX_LIBRARY = "libc++";
				CLANG_ENABLE_MODULES = YES;
				CLANG_ENABLE_OBJC_ARC = YES;
				CLANG_ENABLE_OBJC_WEAK = YES;
				CLANG_WARN_BLOCK_CAPTURE_AUTORELEASING = YES;
				CLANG_WARN_BOOL_CONVERSION = YES;
				CLANG_WARN_COMMA = YES;
				CLANG_WARN_CONSTANT_CONVERSION = YES;
				CLANG_WARN_DEPRECATED_OBJC_IMPLEMENTATIONS = YES;
				CLANG_WARN_DIRECT_OBJC_ISA_USAGE = YES_ERROR;
				CLANG_WARN_DOCUMENTATION_COMMENTS = YES;
				CLANG_WARN_EMPTY_BODY = YES;
				CLANG_WARN_ENUM_CONVERSION = YES;
				CLANG_WARN_INFINITE_RECURSION = YES;
				CLANG_WARN_INT_CONVERSION = YES;
				CLANG_WARN_NON_LITERAL_NULL_CONVERSION = YES;
				CLANG_WARN_OBJC_IMPLICIT_RETAIN_SELF = YES;
				CLANG_WARN_OBJC_LITERAL_CONVERSION = YES;
				CLANG_WARN_OBJC_ROOT_CLASS = YES_ERROR;
				CLANG_WARN_RANGE_LOOP_ANALYSIS = YES;
				CLANG_WARN_STRICT_PROTOTYPES = YES;
				CLANG_WARN_SUSPICIOUS_MOVE = YES;
				CLANG_WARN_UNGUARDED_AVAILABILITY = YES_AGGRESSIVE;
				CLANG_WARN_UNREACHABLE_CODE = YES;
				CLANG_WARN__DUPLICATE_METHOD_MATCH = YES;
				COPY_PHASE_STRIP = NO;
				DEBUG_INFORMATION_FORMAT = dwarf;
				ENABLE_STRICT_OBJC_MSGSEND = YES;
				ENABLE_TESTABILITY = YES;
				GCC_C_LANGUAGE_STANDARD = gnu11;
				GCC_DYNAMIC_NO_PIC = NO;
				GCC_NO_COMMON_BLOCKS = YES;
				GCC_OPTIMIZATION_LEVEL = 0;
				GCC_PREPROCESSOR_DEFINITIONS = (
					"DEBUG=1",
					"$(inherited)",
				);
				GCC_WARN_64_TO_32_BIT_CONVERSION = YES;
				GCC_WARN_ABOUT_RETURN_TYPE = YES_ERROR;
				GCC_WARN_UNDECLARED_SELECTOR = YES;
				GCC_WARN_UNINITIALIZED_AUTOS = YES_AGGRESSIVE;
				GCC_WARN_UNUSED_FUNCTION = YES;
				GCC_WARN_UNUSED_VARIABLE = YES;
				IPHONEOS_DEPLOYMENT_TARGET = 13.2;
				MTL_ENABLE_DEBUG_INFO = INCLUDE_SOURCE;
				MTL_FAST_MATH = YES;
				ONLY_ACTIVE_ARCH = YES;
				SDKROOT = iphoneos;
				SWIFT_ACTIVE_COMPILATION_CONDITIONS = DEBUG;
				SWIFT_OPTIMIZATION_LEVEL = "-Onone";
			};
			name = Debug;
		};
		92309ADE23FCD209007AB1D1 /* Release */ = {
			isa = XCBuildConfiguration;
			buildSettings = {
				ALWAYS_SEARCH_USER_PATHS = NO;
				CLANG_ANALYZER_NONNULL = YES;
				CLANG_ANALYZER_NUMBER_OBJECT_CONVERSION = YES_AGGRESSIVE;
				CLANG_CXX_LANGUAGE_STANDARD = "gnu++14";
				CLANG_CXX_LIBRARY = "libc++";
				CLANG_ENABLE_MODULES = YES;
				CLANG_ENABLE_OBJC_ARC = YES;
				CLANG_ENABLE_OBJC_WEAK = YES;
				CLANG_WARN_BLOCK_CAPTURE_AUTORELEASING = YES;
				CLANG_WARN_BOOL_CONVERSION = YES;
				CLANG_WARN_COMMA = YES;
				CLANG_WARN_CONSTANT_CONVERSION = YES;
				CLANG_WARN_DEPRECATED_OBJC_IMPLEMENTATIONS = YES;
				CLANG_WARN_DIRECT_OBJC_ISA_USAGE = YES_ERROR;
				CLANG_WARN_DOCUMENTATION_COMMENTS = YES;
				CLANG_WARN_EMPTY_BODY = YES;
				CLANG_WARN_ENUM_CONVERSION = YES;
				CLANG_WARN_INFINITE_RECURSION = YES;
				CLANG_WARN_INT_CONVERSION = YES;
				CLANG_WARN_NON_LITERAL_NULL_CONVERSION = YES;
				CLANG_WARN_OBJC_IMPLICIT_RETAIN_SELF = YES;
				CLANG_WARN_OBJC_LITERAL_CONVERSION = YES;
				CLANG_WARN_OBJC_ROOT_CLASS = YES_ERROR;
				CLANG_WARN_RANGE_LOOP_ANALYSIS = YES;
				CLANG_WARN_STRICT_PROTOTYPES = YES;
				CLANG_WARN_SUSPICIOUS_MOVE = YES;
				CLANG_WARN_UNGUARDED_AVAILABILITY = YES_AGGRESSIVE;
				CLANG_WARN_UNREACHABLE_CODE = YES;
				CLANG_WARN__DUPLICATE_METHOD_MATCH = YES;
				COPY_PHASE_STRIP = NO;
				DEBUG_INFORMATION_FORMAT = "dwarf-with-dsym";
				ENABLE_NS_ASSERTIONS = NO;
				ENABLE_STRICT_OBJC_MSGSEND = YES;
				GCC_C_LANGUAGE_STANDARD = gnu11;
				GCC_NO_COMMON_BLOCKS = YES;
				GCC_WARN_64_TO_32_BIT_CONVERSION = YES;
				GCC_WARN_ABOUT_RETURN_TYPE = YES_ERROR;
				GCC_WARN_UNDECLARED_SELECTOR = YES;
				GCC_WARN_UNINITIALIZED_AUTOS = YES_AGGRESSIVE;
				GCC_WARN_UNUSED_FUNCTION = YES;
				GCC_WARN_UNUSED_VARIABLE = YES;
				IPHONEOS_DEPLOYMENT_TARGET = 13.2;
				MTL_ENABLE_DEBUG_INFO = NO;
				MTL_FAST_MATH = YES;
				SDKROOT = iphoneos;
				SWIFT_COMPILATION_MODE = wholemodule;
				SWIFT_OPTIMIZATION_LEVEL = "-O";
				VALIDATE_PRODUCT = YES;
			};
			name = Release;
		};
		92309AE023FCD209007AB1D1 /* Debug */ = {
			isa = XCBuildConfiguration;
			buildSettings = {
				ASSETCATALOG_COMPILER_APPICON_NAME = AppIcon;
				CODE_SIGN_STYLE = Automatic;
				INFOPLIST_FILE = OutaTime/Info.plist;
				LD_RUNPATH_SEARCH_PATHS = (
					"$(inherited)",
					"@executable_path/Frameworks",
				);
				PRODUCT_BUNDLE_IDENTIFIER = com.kennedysamarakody.OutaTime;
				PRODUCT_NAME = "$(TARGET_NAME)";
				SWIFT_VERSION = 5.0;
				TARGETED_DEVICE_FAMILY = "1,2";
			};
			name = Debug;
		};
		92309AE123FCD209007AB1D1 /* Release */ = {
			isa = XCBuildConfiguration;
			buildSettings = {
				ASSETCATALOG_COMPILER_APPICON_NAME = AppIcon;
				CODE_SIGN_STYLE = Automatic;
				INFOPLIST_FILE = OutaTime/Info.plist;
				LD_RUNPATH_SEARCH_PATHS = (
					"$(inherited)",
					"@executable_path/Frameworks",
				);
				PRODUCT_BUNDLE_IDENTIFIER = com.kennedysamarakody.OutaTime;
				PRODUCT_NAME = "$(TARGET_NAME)";
				SWIFT_VERSION = 5.0;
				TARGETED_DEVICE_FAMILY = "1,2";
			};
			name = Release;
		};
/* End XCBuildConfiguration section */

/* Begin XCConfigurationList section */
		92309AC623FCD208007AB1D1 /* Build configuration list for PBXProject "OutaTime" */ = {
			isa = XCConfigurationList;
			buildConfigurations = (
				92309ADD23FCD209007AB1D1 /* Debug */,
				92309ADE23FCD209007AB1D1 /* Release */,
			);
			defaultConfigurationIsVisible = 0;
			defaultConfigurationName = Release;
		};
		92309ADF23FCD209007AB1D1 /* Build configuration list for PBXNativeTarget "OutaTime" */ = {
			isa = XCConfigurationList;
			buildConfigurations = (
				92309AE023FCD209007AB1D1 /* Debug */,
				92309AE123FCD209007AB1D1 /* Release */,
			);
			defaultConfigurationIsVisible = 0;
			defaultConfigurationName = Release;
		};
/* End XCConfigurationList section */
	};
	rootObject = 92309AC323FCD208007AB1D1 /* Project object */;
}
