// !$*UTF8*$!
{
	archiveVersion = 1;
	classes = {
	};
	objectVersion = 50;
	objects = {

/* Begin PBXBuildFile section */
		7948C8C42450D962007ED4CD /* AppDelegate.swift in Sources */ = {isa = PBXBuildFile; fileRef = 7948C8C32450D962007ED4CD /* AppDelegate.swift */; };
		7948C8C62450D962007ED4CD /* SceneDelegate.swift in Sources */ = {isa = PBXBuildFile; fileRef = 7948C8C52450D962007ED4CD /* SceneDelegate.swift */; };
		7948C8CB2450D962007ED4CD /* Main.storyboard in Resources */ = {isa = PBXBuildFile; fileRef = 7948C8C92450D962007ED4CD /* Main.storyboard */; };
		7948C8CD2450D962007ED4CD /* Assets.xcassets in Resources */ = {isa = PBXBuildFile; fileRef = 7948C8CC2450D962007ED4CD /* Assets.xcassets */; };
		7948C8D02450D962007ED4CD /* LaunchScreen.storyboard in Resources */ = {isa = PBXBuildFile; fileRef = 7948C8CE2450D962007ED4CD /* LaunchScreen.storyboard */; };
		7948C8D82450D9A9007ED4CD /* TimeCircuitsViewController.swift in Sources */ = {isa = PBXBuildFile; fileRef = 7948C8D72450D9A9007ED4CD /* TimeCircuitsViewController.swift */; };
		7948C8DA2450D9BE007ED4CD /* DatePickerViewController.swift in Sources */ = {isa = PBXBuildFile; fileRef = 7948C8D92450D9BE007ED4CD /* DatePickerViewController.swift */; };
		7948C8DD2450F80D007ED4CD /* digital-7.ttf in Resources */ = {isa = PBXBuildFile; fileRef = 7948C8DC2450E156007ED4CD /* digital-7.ttf */; };
/* End PBXBuildFile section */

/* Begin PBXFileReference section */
		7948C8C02450D962007ED4CD /* OutaTime.app */ = {isa = PBXFileReference; explicitFileType = wrapper.application; includeInIndex = 0; path = OutaTime.app; sourceTree = BUILT_PRODUCTS_DIR; };
		7948C8C32450D962007ED4CD /* AppDelegate.swift */ = {isa = PBXFileReference; lastKnownFileType = sourcecode.swift; path = AppDelegate.swift; sourceTree = "<group>"; };
		7948C8C52450D962007ED4CD /* SceneDelegate.swift */ = {isa = PBXFileReference; lastKnownFileType = sourcecode.swift; path = SceneDelegate.swift; sourceTree = "<group>"; };
		7948C8CA2450D962007ED4CD /* Base */ = {isa = PBXFileReference; lastKnownFileType = file.storyboard; name = Base; path = Base.lproj/Main.storyboard; sourceTree = "<group>"; };
		7948C8CC2450D962007ED4CD /* Assets.xcassets */ = {isa = PBXFileReference; lastKnownFileType = folder.assetcatalog; path = Assets.xcassets; sourceTree = "<group>"; };
		7948C8CF2450D962007ED4CD /* Base */ = {isa = PBXFileReference; lastKnownFileType = file.storyboard; name = Base; path = Base.lproj/LaunchScreen.storyboard; sourceTree = "<group>"; };
		7948C8D12450D962007ED4CD /* Info.plist */ = {isa = PBXFileReference; lastKnownFileType = text.plist.xml; path = Info.plist; sourceTree = "<group>"; };
		7948C8D72450D9A9007ED4CD /* TimeCircuitsViewController.swift */ = {isa = PBXFileReference; lastKnownFileType = sourcecode.swift; path = TimeCircuitsViewController.swift; sourceTree = "<group>"; };
		7948C8D92450D9BE007ED4CD /* DatePickerViewController.swift */ = {isa = PBXFileReference; lastKnownFileType = sourcecode.swift; path = DatePickerViewController.swift; sourceTree = "<group>"; };
		7948C8DC2450E156007ED4CD /* digital-7.ttf */ = {isa = PBXFileReference; lastKnownFileType = file; name = "digital-7.ttf"; path = "Assets.xcassets/digital-7.ttf"; sourceTree = "<group>"; };
/* End PBXFileReference section */

/* Begin PBXFrameworksBuildPhase section */
		7948C8BD2450D962007ED4CD /* Frameworks */ = {
			isa = PBXFrameworksBuildPhase;
			buildActionMask = 2147483647;
			files = (
			);
			runOnlyForDeploymentPostprocessing = 0;
		};
/* End PBXFrameworksBuildPhase section */

/* Begin PBXGroup section */
		7948C8B72450D962007ED4CD = {
			isa = PBXGroup;
			children = (
				7948C8C22450D962007ED4CD /* OutaTime */,
				7948C8C12450D962007ED4CD /* Products */,
			);
			sourceTree = "<group>";
		};
		7948C8C12450D962007ED4CD /* Products */ = {
			isa = PBXGroup;
			children = (
				7948C8C02450D962007ED4CD /* OutaTime.app */,
			);
			name = Products;
			sourceTree = "<group>";
		};
		7948C8C22450D962007ED4CD /* OutaTime */ = {
			isa = PBXGroup;
			children = (
				7948C8DC2450E156007ED4CD /* digital-7.ttf */,
				7948C8DB2450D9EC007ED4CD /* ViewControllers */,
				7948C8C32450D962007ED4CD /* AppDelegate.swift */,
				7948C8C52450D962007ED4CD /* SceneDelegate.swift */,
				7948C8C92450D962007ED4CD /* Main.storyboard */,
				7948C8CC2450D962007ED4CD /* Assets.xcassets */,
				7948C8CE2450D962007ED4CD /* LaunchScreen.storyboard */,
				7948C8D12450D962007ED4CD /* Info.plist */,
			);
			path = OutaTime;
			sourceTree = "<group>";
		};
		7948C8DB2450D9EC007ED4CD /* ViewControllers */ = {
			isa = PBXGroup;
			children = (
				7948C8D72450D9A9007ED4CD /* TimeCircuitsViewController.swift */,
				7948C8D92450D9BE007ED4CD /* DatePickerViewController.swift */,
			);
			path = ViewControllers;
			sourceTree = "<group>";
		};
/* End PBXGroup section */

/* Begin PBXNativeTarget section */
		7948C8BF2450D962007ED4CD /* OutaTime */ = {
			isa = PBXNativeTarget;
			buildConfigurationList = 7948C8D42450D962007ED4CD /* Build configuration list for PBXNativeTarget "OutaTime" */;
			buildPhases = (
				7948C8BC2450D962007ED4CD /* Sources */,
				7948C8BD2450D962007ED4CD /* Frameworks */,
				7948C8BE2450D962007ED4CD /* Resources */,
			);
			buildRules = (
			);
			dependencies = (
			);
			name = OutaTime;
			productName = OutaTime;
			productReference = 7948C8C02450D962007ED4CD /* OutaTime.app */;
			productType = "com.apple.product-type.application";
		};
/* End PBXNativeTarget section */

/* Begin PBXProject section */
		7948C8B82450D962007ED4CD /* Project object */ = {
			isa = PBXProject;
			attributes = {
				LastSwiftUpdateCheck = 1120;
				LastUpgradeCheck = 1120;
				ORGANIZATIONNAME = "Enzo Jimenez-Soto";
				TargetAttributes = {
					7948C8BF2450D962007ED4CD = {
						CreatedOnToolsVersion = 11.2.1;
					};
				};
			};
			buildConfigurationList = 7948C8BB2450D962007ED4CD /* Build configuration list for PBXProject "OutaTime" */;
			compatibilityVersion = "Xcode 9.3";
			developmentRegion = en;
			hasScannedForEncodings = 0;
			knownRegions = (
				en,
				Base,
			);
			mainGroup = 7948C8B72450D962007ED4CD;
			productRefGroup = 7948C8C12450D962007ED4CD /* Products */;
			projectDirPath = "";
			projectRoot = "";
			targets = (
				7948C8BF2450D962007ED4CD /* OutaTime */,
			);
		};
/* End PBXProject section */

/* Begin PBXResourcesBuildPhase section */
		7948C8BE2450D962007ED4CD /* Resources */ = {
			isa = PBXResourcesBuildPhase;
			buildActionMask = 2147483647;
			files = (
				7948C8D02450D962007ED4CD /* LaunchScreen.storyboard in Resources */,
				7948C8CD2450D962007ED4CD /* Assets.xcassets in Resources */,
				7948C8CB2450D962007ED4CD /* Main.storyboard in Resources */,
				7948C8DD2450F80D007ED4CD /* digital-7.ttf in Resources */,
			);
			runOnlyForDeploymentPostprocessing = 0;
		};
/* End PBXResourcesBuildPhase section */

/* Begin PBXSourcesBuildPhase section */
		7948C8BC2450D962007ED4CD /* Sources */ = {
			isa = PBXSourcesBuildPhase;
			buildActionMask = 2147483647;
			files = (
				7948C8DA2450D9BE007ED4CD /* DatePickerViewController.swift in Sources */,
				7948C8C42450D962007ED4CD /* AppDelegate.swift in Sources */,
				7948C8D82450D9A9007ED4CD /* TimeCircuitsViewController.swift in Sources */,
				7948C8C62450D962007ED4CD /* SceneDelegate.swift in Sources */,
			);
			runOnlyForDeploymentPostprocessing = 0;
		};
/* End PBXSourcesBuildPhase section */

/* Begin PBXVariantGroup section */
		7948C8C92450D962007ED4CD /* Main.storyboard */ = {
			isa = PBXVariantGroup;
			children = (
				7948C8CA2450D962007ED4CD /* Base */,
			);
			name = Main.storyboard;
			sourceTree = "<group>";
		};
		7948C8CE2450D962007ED4CD /* LaunchScreen.storyboard */ = {
			isa = PBXVariantGroup;
			children = (
				7948C8CF2450D962007ED4CD /* Base */,
			);
			name = LaunchScreen.storyboard;
			sourceTree = "<group>";
		};
/* End PBXVariantGroup section */

/* Begin XCBuildConfiguration section */
		7948C8D22450D962007ED4CD /* Debug */ = {
			isa = XCBuildConfiguration;
			buildSettings = {
				ALWAYS_SEARCH_USER_PATHS = NO;
				CLANG_ANALYZER_NONNULL = YES;
				CLANG_ANALYZER_NUMBER_OBJECT_CONVERSION = YES_AGGRESSIVE;
				CLANG_CXX_LANGUAGE_STANDARD = "gnu++14";
				CLANG_CXX_LIBRARY = "libc++";
				CLANG_ENABLE_MODULES = YES;
				CLANG_ENABLE_OBJC_ARC = YES;
				CLANG_ENABLE_OBJC_WEAK = YES;
				CLANG_WARN_BLOCK_CAPTURE_AUTORELEASING = YES;
				CLANG_WARN_BOOL_CONVERSION = YES;
				CLANG_WARN_COMMA = YES;
				CLANG_WARN_CONSTANT_CONVERSION = YES;
				CLANG_WARN_DEPRECATED_OBJC_IMPLEMENTATIONS = YES;
				CLANG_WARN_DIRECT_OBJC_ISA_USAGE = YES_ERROR;
				CLANG_WARN_DOCUMENTATION_COMMENTS = YES;
				CLANG_WARN_EMPTY_BODY = YES;
				CLANG_WARN_ENUM_CONVERSION = YES;
				CLANG_WARN_INFINITE_RECURSION = YES;
				CLANG_WARN_INT_CONVERSION = YES;
				CLANG_WARN_NON_LITERAL_NULL_CONVERSION = YES;
				CLANG_WARN_OBJC_IMPLICIT_RETAIN_SELF = YES;
				CLANG_WARN_OBJC_LITERAL_CONVERSION = YES;
				CLANG_WARN_OBJC_ROOT_CLASS = YES_ERROR;
				CLANG_WARN_RANGE_LOOP_ANALYSIS = YES;
				CLANG_WARN_STRICT_PROTOTYPES = YES;
				CLANG_WARN_SUSPICIOUS_MOVE = YES;
				CLANG_WARN_UNGUARDED_AVAILABILITY = YES_AGGRESSIVE;
				CLANG_WARN_UNREACHABLE_CODE = YES;
				CLANG_WARN__DUPLICATE_METHOD_MATCH = YES;
				COPY_PHASE_STRIP = NO;
				DEBUG_INFORMATION_FORMAT = dwarf;
				ENABLE_STRICT_OBJC_MSGSEND = YES;
				ENABLE_TESTABILITY = YES;
				GCC_C_LANGUAGE_STANDARD = gnu11;
				GCC_DYNAMIC_NO_PIC = NO;
				GCC_NO_COMMON_BLOCKS = YES;
				GCC_OPTIMIZATION_LEVEL = 0;
				GCC_PREPROCESSOR_DEFINITIONS = (
					"DEBUG=1",
					"$(inherited)",
				);
				GCC_WARN_64_TO_32_BIT_CONVERSION = YES;
				GCC_WARN_ABOUT_RETURN_TYPE = YES_ERROR;
				GCC_WARN_UNDECLARED_SELECTOR = YES;
				GCC_WARN_UNINITIALIZED_AUTOS = YES_AGGRESSIVE;
				GCC_WARN_UNUSED_FUNCTION = YES;
				GCC_WARN_UNUSED_VARIABLE = YES;
				IPHONEOS_DEPLOYMENT_TARGET = 13.2;
				MTL_ENABLE_DEBUG_INFO = INCLUDE_SOURCE;
				MTL_FAST_MATH = YES;
				ONLY_ACTIVE_ARCH = YES;
				SDKROOT = iphoneos;
				SWIFT_ACTIVE_COMPILATION_CONDITIONS = DEBUG;
				SWIFT_OPTIMIZATION_LEVEL = "-Onone";
			};
			name = Debug;
		};
		7948C8D32450D962007ED4CD /* Release */ = {
			isa = XCBuildConfiguration;
			buildSettings = {
				ALWAYS_SEARCH_USER_PATHS = NO;
				CLANG_ANALYZER_NONNULL = YES;
				CLANG_ANALYZER_NUMBER_OBJECT_CONVERSION = YES_AGGRESSIVE;
				CLANG_CXX_LANGUAGE_STANDARD = "gnu++14";
				CLANG_CXX_LIBRARY = "libc++";
				CLANG_ENABLE_MODULES = YES;
				CLANG_ENABLE_OBJC_ARC = YES;
				CLANG_ENABLE_OBJC_WEAK = YES;
				CLANG_WARN_BLOCK_CAPTURE_AUTORELEASING = YES;
				CLANG_WARN_BOOL_CONVERSION = YES;
				CLANG_WARN_COMMA = YES;
				CLANG_WARN_CONSTANT_CONVERSION = YES;
				CLANG_WARN_DEPRECATED_OBJC_IMPLEMENTATIONS = YES;
				CLANG_WARN_DIRECT_OBJC_ISA_USAGE = YES_ERROR;
				CLANG_WARN_DOCUMENTATION_COMMENTS = YES;
				CLANG_WARN_EMPTY_BODY = YES;
				CLANG_WARN_ENUM_CONVERSION = YES;
				CLANG_WARN_INFINITE_RECURSION = YES;
				CLANG_WARN_INT_CONVERSION = YES;
				CLANG_WARN_NON_LITERAL_NULL_CONVERSION = YES;
				CLANG_WARN_OBJC_IMPLICIT_RETAIN_SELF = YES;
				CLANG_WARN_OBJC_LITERAL_CONVERSION = YES;
				CLANG_WARN_OBJC_ROOT_CLASS = YES_ERROR;
				CLANG_WARN_RANGE_LOOP_ANALYSIS = YES;
				CLANG_WARN_STRICT_PROTOTYPES = YES;
				CLANG_WARN_SUSPICIOUS_MOVE = YES;
				CLANG_WARN_UNGUARDED_AVAILABILITY = YES_AGGRESSIVE;
				CLANG_WARN_UNREACHABLE_CODE = YES;
				CLANG_WARN__DUPLICATE_METHOD_MATCH = YES;
				COPY_PHASE_STRIP = NO;
				DEBUG_INFORMATION_FORMAT = "dwarf-with-dsym";
				ENABLE_NS_ASSERTIONS = NO;
				ENABLE_STRICT_OBJC_MSGSEND = YES;
				GCC_C_LANGUAGE_STANDARD = gnu11;
				GCC_NO_COMMON_BLOCKS = YES;
				GCC_WARN_64_TO_32_BIT_CONVERSION = YES;
				GCC_WARN_ABOUT_RETURN_TYPE = YES_ERROR;
				GCC_WARN_UNDECLARED_SELECTOR = YES;
				GCC_WARN_UNINITIALIZED_AUTOS = YES_AGGRESSIVE;
				GCC_WARN_UNUSED_FUNCTION = YES;
				GCC_WARN_UNUSED_VARIABLE = YES;
				IPHONEOS_DEPLOYMENT_TARGET = 13.2;
				MTL_ENABLE_DEBUG_INFO = NO;
				MTL_FAST_MATH = YES;
				SDKROOT = iphoneos;
				SWIFT_COMPILATION_MODE = wholemodule;
				SWIFT_OPTIMIZATION_LEVEL = "-O";
				VALIDATE_PRODUCT = YES;
			};
			name = Release;
		};
		7948C8D52450D962007ED4CD /* Debug */ = {
			isa = XCBuildConfiguration;
			buildSettings = {
				ASSETCATALOG_COMPILER_APPICON_NAME = AppIcon;
				CODE_SIGN_STYLE = Automatic;
				INFOPLIST_FILE = OutaTime/Info.plist;
				LD_RUNPATH_SEARCH_PATHS = (
					"$(inherited)",
					"@executable_path/Frameworks",
				);
				PRODUCT_BUNDLE_IDENTIFIER = com.EnzoJimenezSoto.OutaTime;
				PRODUCT_NAME = "$(TARGET_NAME)";
				SWIFT_VERSION = 5.0;
				TARGETED_DEVICE_FAMILY = "1,2";
			};
			name = Debug;
		};
		7948C8D62450D962007ED4CD /* Release */ = {
			isa = XCBuildConfiguration;
			buildSettings = {
				ASSETCATALOG_COMPILER_APPICON_NAME = AppIcon;
				CODE_SIGN_STYLE = Automatic;
				INFOPLIST_FILE = OutaTime/Info.plist;
				LD_RUNPATH_SEARCH_PATHS = (
					"$(inherited)",
					"@executable_path/Frameworks",
				);
				PRODUCT_BUNDLE_IDENTIFIER = com.EnzoJimenezSoto.OutaTime;
				PRODUCT_NAME = "$(TARGET_NAME)";
				SWIFT_VERSION = 5.0;
				TARGETED_DEVICE_FAMILY = "1,2";
			};
			name = Release;
		};
/* End XCBuildConfiguration section */

/* Begin XCConfigurationList section */
		7948C8BB2450D962007ED4CD /* Build configuration list for PBXProject "OutaTime" */ = {
			isa = XCConfigurationList;
			buildConfigurations = (
				7948C8D22450D962007ED4CD /* Debug */,
				7948C8D32450D962007ED4CD /* Release */,
			);
			defaultConfigurationIsVisible = 0;
			defaultConfigurationName = Release;
		};
		7948C8D42450D962007ED4CD /* Build configuration list for PBXNativeTarget "OutaTime" */ = {
			isa = XCConfigurationList;
			buildConfigurations = (
				7948C8D52450D962007ED4CD /* Debug */,
				7948C8D62450D962007ED4CD /* Release */,
			);
			defaultConfigurationIsVisible = 0;
			defaultConfigurationName = Release;
		};
/* End XCConfigurationList section */
	};
	rootObject = 7948C8B82450D962007ED4CD /* Project object */;
}
